
Microsoft Visual Studio Solution File, Format Version 12.00
# Visual Studio Version 17
VisualStudioVersion = 17.0.31903.59
MinimumVisualStudioVersion = 10.0.40219.1
Project("{FAE04EC0-301F-11D3-BF4B-00C04F79EFBC}") = "Bootcamp", "Bootcamp\Bootcamp.csproj", "{03CBDD51-FE84-4272-B9FF-D274DA33D082}"
EndProject
Project("{FAE04EC0-301F-11D3-BF4B-00C04F79EFBC}") = "Day2", "Day2\Day2.csproj", "{8B53F843-2694-4434-9935-30AF73BCA31D}"
EndProject
Project("{FAE04EC0-301F-11D3-BF4B-00C04F79EFBC}") = "Day3", "Day3\Day3.csproj", "{B9AD8025-AFBC-420B-B82D-0253CF77F2C2}"
EndProject
Project("{FAE04EC0-301F-11D3-BF4B-00C04F79EFBC}") = "Day3-ReadOnlyConstDifference", "Day3-ReadOnlyConstDifference\Day3-ReadOnlyConstDifference.csproj", "{F8B9F1D2-7078-4616-9E0B-CFA508677428}"
EndProject
Project("{FAE04EC0-301F-11D3-BF4B-00C04F79EFBC}") = "Day3-Encapsulation", "Day3-Encapsulation\Day3-Encapsulation.csproj", "{7924F646-C142-4FA1-A931-7538065F02F2}"
EndProject
Project("{2150E333-8FDC-42A3-9474-1A3956D46DE8}") = "Day4", "Day4", "{FB7214DA-EC11-4C54-AE1D-E193CF8B1ACC}"
EndProject
Project("{FAE04EC0-301F-11D3-BF4B-00C04F79EFBC}") = "Project1", "Day4\Project1\Project1.csproj", "{AEF386CC-62D3-49B9-8DDA-35A85A4E542C}"
EndProject
Project("{FAE04EC0-301F-11D3-BF4B-00C04F79EFBC}") = "Abstraction", "Day4\Abstraction\Abstraction.csproj", "{F7CFEA2F-A768-4A2B-80A5-9E1E13E38F95}"
EndProject
Project("{FAE04EC0-301F-11D3-BF4B-00C04F79EFBC}") = "Interface", "Day4\Interface\Interface.csproj", "{0DC32461-2458-48F8-A9F5-2F2F74EC31CB}"
EndProject
Project("{FAE04EC0-301F-11D3-BF4B-00C04F79EFBC}") = "Assigment", "Day4\Assigment\Assigment.csproj", "{D8E2B097-F1AE-416C-84F6-C996011EEE1A}"
EndProject
Project("{2150E333-8FDC-42A3-9474-1A3956D46DE8}") = "Day5", "Day5", "{39EBA80F-6679-4F22-B062-458C9C8822CF}"
EndProject
Project("{FAE04EC0-301F-11D3-BF4B-00C04F79EFBC}") = "MutableImmutable", "Day5\MutableImmutable\MutableImmutable.csproj", "{B76CE3F7-CCB0-488B-99DE-8D622F06F0F2}"
EndProject
Project("{FAE04EC0-301F-11D3-BF4B-00C04F79EFBC}") = "ReferenceType", "Day5\ReferenceType\ReferenceType.csproj", "{10B9E2DC-98CB-4EB9-BD89-546D818ECB13}"
EndProject
Project("{FAE04EC0-301F-11D3-BF4B-00C04F79EFBC}") = "StackOverflowException", "Day5\StackOverflowException\StackOverflowException.csproj", "{37E7653D-3623-4384-A979-155E5E9E7F77}"
EndProject
Project("{FAE04EC0-301F-11D3-BF4B-00C04F79EFBC}") = "String", "Day5\String\String.csproj", "{14CF614E-7C4B-4611-9A95-643516FFA3C2}"
EndProject
Project("{FAE04EC0-301F-11D3-BF4B-00C04F79EFBC}") = "StringBuilder", "Day5\StringBuilder\StringBuilder.csproj", "{A9ED06A3-7AC3-44B5-9EE9-EA80A96995CD}"
EndProject
Project("{FAE04EC0-301F-11D3-BF4B-00C04F79EFBC}") = "ValueType", "Day5\ValueType\ValueType.csproj", "{92EC8788-5D82-4878-9669-4444B10FAD8C}"
EndProject
Project("{FAE04EC0-301F-11D3-BF4B-00C04F79EFBC}") = "G_UpcastDowncastExplicitImplicit", "Day5\G_UpcastDowncastExplicitImplicit\G_UpcastDowncastExplicitImplicit.csproj", "{61461C97-7987-43E5-997D-82288EDA4F50}"
EndProject
Project("{FAE04EC0-301F-11D3-BF4B-00C04F79EFBC}") = "H_ChildParentChild", "Day5\H_ChildParentChild\H_ChildParentChild.csproj", "{794999CF-7811-4DCF-9C40-AC2F6925B256}"
EndProject
Project("{FAE04EC0-301F-11D3-BF4B-00C04F79EFBC}") = "I_GameController", "Day5\I_GameController\I_GameController.csproj", "{9E801917-AE2C-4D21-99BA-70CDC17F6CD5}"
EndProject
Project("{FAE04EC0-301F-11D3-BF4B-00C04F79EFBC}") = "J_GameController2", "Day5\J_GameController2\J_GameController2.csproj", "{5CCC3A10-6996-4C28-9AA5-9EC1651CA546}"
EndProject
Project("{2150E333-8FDC-42A3-9474-1A3956D46DE8}") = "Day6", "Day6", "{E0FC97E0-BDB8-4861-A4E9-C11F1D4C217D}"
EndProject
Project("{FAE04EC0-301F-11D3-BF4B-00C04F79EFBC}") = "A_Object", "Day6\A_Object\A_Object.csproj", "{2B1710E5-9570-4B09-A750-02C3AD010AAE}"
EndProject
Project("{FAE04EC0-301F-11D3-BF4B-00C04F79EFBC}") = "B_ImplementationOfObject", "Day6\B_ImplementationOfObject\B_ImplementationOfObject.csproj", "{2C0C2818-ADE4-412C-B354-AF22365F996C}"
EndProject
Project("{FAE04EC0-301F-11D3-BF4B-00C04F79EFBC}") = "C_Dynamic", "Day6\C_Dynamic\C_Dynamic.csproj", "{57F73DE3-E36D-4D04-9A12-980D92473AA3}"
EndProject
Project("{FAE04EC0-301F-11D3-BF4B-00C04F79EFBC}") = "D_PatternMatching", "Day6\D_PatternMatching\D_PatternMatching.csproj", "{566BE2F4-F963-4159-9B8C-36D3D6C6D649}"
EndProject
Project("{FAE04EC0-301F-11D3-BF4B-00C04F79EFBC}") = "E_IsAs", "Day6\E_IsAs\E_IsAs.csproj", "{5D34E734-0AB2-4835-88FA-581DA38E37B0}"
EndProject
Project("{FAE04EC0-301F-11D3-BF4B-00C04F79EFBC}") = "F_OverrideToString", "Day6\F_OverrideToString\F_OverrideToString.csproj", "{6FF113CA-7267-4A59-8B52-46B5A2257A4A}"
EndProject
Global
	GlobalSection(SolutionConfigurationPlatforms) = preSolution
		Debug|Any CPU = Debug|Any CPU
		Release|Any CPU = Release|Any CPU
	EndGlobalSection
	GlobalSection(SolutionProperties) = preSolution
		HideSolutionNode = FALSE
	EndGlobalSection
	GlobalSection(ProjectConfigurationPlatforms) = postSolution
		{03CBDD51-FE84-4272-B9FF-D274DA33D082}.Debug|Any CPU.ActiveCfg = Debug|Any CPU
		{03CBDD51-FE84-4272-B9FF-D274DA33D082}.Debug|Any CPU.Build.0 = Debug|Any CPU
		{03CBDD51-FE84-4272-B9FF-D274DA33D082}.Release|Any CPU.ActiveCfg = Release|Any CPU
		{03CBDD51-FE84-4272-B9FF-D274DA33D082}.Release|Any CPU.Build.0 = Release|Any CPU
		{8B53F843-2694-4434-9935-30AF73BCA31D}.Debug|Any CPU.ActiveCfg = Debug|Any CPU
		{8B53F843-2694-4434-9935-30AF73BCA31D}.Debug|Any CPU.Build.0 = Debug|Any CPU
		{8B53F843-2694-4434-9935-30AF73BCA31D}.Release|Any CPU.ActiveCfg = Release|Any CPU
		{8B53F843-2694-4434-9935-30AF73BCA31D}.Release|Any CPU.Build.0 = Release|Any CPU
		{B9AD8025-AFBC-420B-B82D-0253CF77F2C2}.Debug|Any CPU.ActiveCfg = Debug|Any CPU
		{B9AD8025-AFBC-420B-B82D-0253CF77F2C2}.Debug|Any CPU.Build.0 = Debug|Any CPU
		{B9AD8025-AFBC-420B-B82D-0253CF77F2C2}.Release|Any CPU.ActiveCfg = Release|Any CPU
		{B9AD8025-AFBC-420B-B82D-0253CF77F2C2}.Release|Any CPU.Build.0 = Release|Any CPU
		{F8B9F1D2-7078-4616-9E0B-CFA508677428}.Debug|Any CPU.ActiveCfg = Debug|Any CPU
		{F8B9F1D2-7078-4616-9E0B-CFA508677428}.Debug|Any CPU.Build.0 = Debug|Any CPU
		{F8B9F1D2-7078-4616-9E0B-CFA508677428}.Release|Any CPU.ActiveCfg = Release|Any CPU
		{F8B9F1D2-7078-4616-9E0B-CFA508677428}.Release|Any CPU.Build.0 = Release|Any CPU
		{7924F646-C142-4FA1-A931-7538065F02F2}.Debug|Any CPU.ActiveCfg = Debug|Any CPU
		{7924F646-C142-4FA1-A931-7538065F02F2}.Debug|Any CPU.Build.0 = Debug|Any CPU
		{7924F646-C142-4FA1-A931-7538065F02F2}.Release|Any CPU.ActiveCfg = Release|Any CPU
		{7924F646-C142-4FA1-A931-7538065F02F2}.Release|Any CPU.Build.0 = Release|Any CPU
		{AEF386CC-62D3-49B9-8DDA-35A85A4E542C}.Debug|Any CPU.ActiveCfg = Debug|Any CPU
		{AEF386CC-62D3-49B9-8DDA-35A85A4E542C}.Debug|Any CPU.Build.0 = Debug|Any CPU
		{AEF386CC-62D3-49B9-8DDA-35A85A4E542C}.Release|Any CPU.ActiveCfg = Release|Any CPU
		{AEF386CC-62D3-49B9-8DDA-35A85A4E542C}.Release|Any CPU.Build.0 = Release|Any CPU
		{F7CFEA2F-A768-4A2B-80A5-9E1E13E38F95}.Debug|Any CPU.ActiveCfg = Debug|Any CPU
		{F7CFEA2F-A768-4A2B-80A5-9E1E13E38F95}.Debug|Any CPU.Build.0 = Debug|Any CPU
		{F7CFEA2F-A768-4A2B-80A5-9E1E13E38F95}.Release|Any CPU.ActiveCfg = Release|Any CPU
		{F7CFEA2F-A768-4A2B-80A5-9E1E13E38F95}.Release|Any CPU.Build.0 = Release|Any CPU
		{0DC32461-2458-48F8-A9F5-2F2F74EC31CB}.Debug|Any CPU.ActiveCfg = Debug|Any CPU
		{0DC32461-2458-48F8-A9F5-2F2F74EC31CB}.Debug|Any CPU.Build.0 = Debug|Any CPU
		{0DC32461-2458-48F8-A9F5-2F2F74EC31CB}.Release|Any CPU.ActiveCfg = Release|Any CPU
		{0DC32461-2458-48F8-A9F5-2F2F74EC31CB}.Release|Any CPU.Build.0 = Release|Any CPU
		{D8E2B097-F1AE-416C-84F6-C996011EEE1A}.Debug|Any CPU.ActiveCfg = Debug|Any CPU
		{D8E2B097-F1AE-416C-84F6-C996011EEE1A}.Debug|Any CPU.Build.0 = Debug|Any CPU
		{D8E2B097-F1AE-416C-84F6-C996011EEE1A}.Release|Any CPU.ActiveCfg = Release|Any CPU
		{D8E2B097-F1AE-416C-84F6-C996011EEE1A}.Release|Any CPU.Build.0 = Release|Any CPU
		{B76CE3F7-CCB0-488B-99DE-8D622F06F0F2}.Debug|Any CPU.ActiveCfg = Debug|Any CPU
		{B76CE3F7-CCB0-488B-99DE-8D622F06F0F2}.Debug|Any CPU.Build.0 = Debug|Any CPU
		{B76CE3F7-CCB0-488B-99DE-8D622F06F0F2}.Release|Any CPU.ActiveCfg = Release|Any CPU
		{B76CE3F7-CCB0-488B-99DE-8D622F06F0F2}.Release|Any CPU.Build.0 = Release|Any CPU
		{10B9E2DC-98CB-4EB9-BD89-546D818ECB13}.Debug|Any CPU.ActiveCfg = Debug|Any CPU
		{10B9E2DC-98CB-4EB9-BD89-546D818ECB13}.Debug|Any CPU.Build.0 = Debug|Any CPU
		{10B9E2DC-98CB-4EB9-BD89-546D818ECB13}.Release|Any CPU.ActiveCfg = Release|Any CPU
		{10B9E2DC-98CB-4EB9-BD89-546D818ECB13}.Release|Any CPU.Build.0 = Release|Any CPU
		{37E7653D-3623-4384-A979-155E5E9E7F77}.Debug|Any CPU.ActiveCfg = Debug|Any CPU
		{37E7653D-3623-4384-A979-155E5E9E7F77}.Debug|Any CPU.Build.0 = Debug|Any CPU
		{37E7653D-3623-4384-A979-155E5E9E7F77}.Release|Any CPU.ActiveCfg = Release|Any CPU
		{37E7653D-3623-4384-A979-155E5E9E7F77}.Release|Any CPU.Build.0 = Release|Any CPU
		{14CF614E-7C4B-4611-9A95-643516FFA3C2}.Debug|Any CPU.ActiveCfg = Debug|Any CPU
		{14CF614E-7C4B-4611-9A95-643516FFA3C2}.Debug|Any CPU.Build.0 = Debug|Any CPU
		{14CF614E-7C4B-4611-9A95-643516FFA3C2}.Release|Any CPU.ActiveCfg = Release|Any CPU
		{14CF614E-7C4B-4611-9A95-643516FFA3C2}.Release|Any CPU.Build.0 = Release|Any CPU
		{A9ED06A3-7AC3-44B5-9EE9-EA80A96995CD}.Debug|Any CPU.ActiveCfg = Debug|Any CPU
		{A9ED06A3-7AC3-44B5-9EE9-EA80A96995CD}.Debug|Any CPU.Build.0 = Debug|Any CPU
		{A9ED06A3-7AC3-44B5-9EE9-EA80A96995CD}.Release|Any CPU.ActiveCfg = Release|Any CPU
		{A9ED06A3-7AC3-44B5-9EE9-EA80A96995CD}.Release|Any CPU.Build.0 = Release|Any CPU
		{92EC8788-5D82-4878-9669-4444B10FAD8C}.Debug|Any CPU.ActiveCfg = Debug|Any CPU
		{92EC8788-5D82-4878-9669-4444B10FAD8C}.Debug|Any CPU.Build.0 = Debug|Any CPU
		{92EC8788-5D82-4878-9669-4444B10FAD8C}.Release|Any CPU.ActiveCfg = Release|Any CPU
		{92EC8788-5D82-4878-9669-4444B10FAD8C}.Release|Any CPU.Build.0 = Release|Any CPU
		{61461C97-7987-43E5-997D-82288EDA4F50}.Debug|Any CPU.ActiveCfg = Debug|Any CPU
		{61461C97-7987-43E5-997D-82288EDA4F50}.Debug|Any CPU.Build.0 = Debug|Any CPU
		{61461C97-7987-43E5-997D-82288EDA4F50}.Release|Any CPU.ActiveCfg = Release|Any CPU
		{61461C97-7987-43E5-997D-82288EDA4F50}.Release|Any CPU.Build.0 = Release|Any CPU
		{794999CF-7811-4DCF-9C40-AC2F6925B256}.Debug|Any CPU.ActiveCfg = Debug|Any CPU
		{794999CF-7811-4DCF-9C40-AC2F6925B256}.Debug|Any CPU.Build.0 = Debug|Any CPU
		{794999CF-7811-4DCF-9C40-AC2F6925B256}.Release|Any CPU.ActiveCfg = Release|Any CPU
		{794999CF-7811-4DCF-9C40-AC2F6925B256}.Release|Any CPU.Build.0 = Release|Any CPU
		{9E801917-AE2C-4D21-99BA-70CDC17F6CD5}.Debug|Any CPU.ActiveCfg = Debug|Any CPU
		{9E801917-AE2C-4D21-99BA-70CDC17F6CD5}.Debug|Any CPU.Build.0 = Debug|Any CPU
		{9E801917-AE2C-4D21-99BA-70CDC17F6CD5}.Release|Any CPU.ActiveCfg = Release|Any CPU
		{9E801917-AE2C-4D21-99BA-70CDC17F6CD5}.Release|Any CPU.Build.0 = Release|Any CPU
		{5CCC3A10-6996-4C28-9AA5-9EC1651CA546}.Debug|Any CPU.ActiveCfg = Debug|Any CPU
		{5CCC3A10-6996-4C28-9AA5-9EC1651CA546}.Debug|Any CPU.Build.0 = Debug|Any CPU
		{5CCC3A10-6996-4C28-9AA5-9EC1651CA546}.Release|Any CPU.ActiveCfg = Release|Any CPU
		{5CCC3A10-6996-4C28-9AA5-9EC1651CA546}.Release|Any CPU.Build.0 = Release|Any CPU
		{2B1710E5-9570-4B09-A750-02C3AD010AAE}.Debug|Any CPU.ActiveCfg = Debug|Any CPU
		{2B1710E5-9570-4B09-A750-02C3AD010AAE}.Debug|Any CPU.Build.0 = Debug|Any CPU
		{2B1710E5-9570-4B09-A750-02C3AD010AAE}.Release|Any CPU.ActiveCfg = Release|Any CPU
		{2B1710E5-9570-4B09-A750-02C3AD010AAE}.Release|Any CPU.Build.0 = Release|Any CPU
		{2C0C2818-ADE4-412C-B354-AF22365F996C}.Debug|Any CPU.ActiveCfg = Debug|Any CPU
		{2C0C2818-ADE4-412C-B354-AF22365F996C}.Debug|Any CPU.Build.0 = Debug|Any CPU
		{2C0C2818-ADE4-412C-B354-AF22365F996C}.Release|Any CPU.ActiveCfg = Release|Any CPU
		{2C0C2818-ADE4-412C-B354-AF22365F996C}.Release|Any CPU.Build.0 = Release|Any CPU
		{57F73DE3-E36D-4D04-9A12-980D92473AA3}.Debug|Any CPU.ActiveCfg = Debug|Any CPU
		{57F73DE3-E36D-4D04-9A12-980D92473AA3}.Debug|Any CPU.Build.0 = Debug|Any CPU
		{57F73DE3-E36D-4D04-9A12-980D92473AA3}.Release|Any CPU.ActiveCfg = Release|Any CPU
		{57F73DE3-E36D-4D04-9A12-980D92473AA3}.Release|Any CPU.Build.0 = Release|Any CPU
		{566BE2F4-F963-4159-9B8C-36D3D6C6D649}.Debug|Any CPU.ActiveCfg = Debug|Any CPU
		{566BE2F4-F963-4159-9B8C-36D3D6C6D649}.Debug|Any CPU.Build.0 = Debug|Any CPU
		{566BE2F4-F963-4159-9B8C-36D3D6C6D649}.Release|Any CPU.ActiveCfg = Release|Any CPU
		{566BE2F4-F963-4159-9B8C-36D3D6C6D649}.Release|Any CPU.Build.0 = Release|Any CPU
		{5D34E734-0AB2-4835-88FA-581DA38E37B0}.Debug|Any CPU.ActiveCfg = Debug|Any CPU
		{5D34E734-0AB2-4835-88FA-581DA38E37B0}.Debug|Any CPU.Build.0 = Debug|Any CPU
		{5D34E734-0AB2-4835-88FA-581DA38E37B0}.Release|Any CPU.ActiveCfg = Release|Any CPU
		{5D34E734-0AB2-4835-88FA-581DA38E37B0}.Release|Any CPU.Build.0 = Release|Any CPU
		{6FF113CA-7267-4A59-8B52-46B5A2257A4A}.Debug|Any CPU.ActiveCfg = Debug|Any CPU
		{6FF113CA-7267-4A59-8B52-46B5A2257A4A}.Debug|Any CPU.Build.0 = Debug|Any CPU
		{6FF113CA-7267-4A59-8B52-46B5A2257A4A}.Release|Any CPU.ActiveCfg = Release|Any CPU
		{6FF113CA-7267-4A59-8B52-46B5A2257A4A}.Release|Any CPU.Build.0 = Release|Any CPU
	EndGlobalSection
	GlobalSection(NestedProjects) = preSolution
		{AEF386CC-62D3-49B9-8DDA-35A85A4E542C} = {FB7214DA-EC11-4C54-AE1D-E193CF8B1ACC}
		{F7CFEA2F-A768-4A2B-80A5-9E1E13E38F95} = {FB7214DA-EC11-4C54-AE1D-E193CF8B1ACC}
		{0DC32461-2458-48F8-A9F5-2F2F74EC31CB} = {FB7214DA-EC11-4C54-AE1D-E193CF8B1ACC}
		{D8E2B097-F1AE-416C-84F6-C996011EEE1A} = {FB7214DA-EC11-4C54-AE1D-E193CF8B1ACC}
		{B76CE3F7-CCB0-488B-99DE-8D622F06F0F2} = {39EBA80F-6679-4F22-B062-458C9C8822CF}
		{10B9E2DC-98CB-4EB9-BD89-546D818ECB13} = {39EBA80F-6679-4F22-B062-458C9C8822CF}
		{37E7653D-3623-4384-A979-155E5E9E7F77} = {39EBA80F-6679-4F22-B062-458C9C8822CF}
		{14CF614E-7C4B-4611-9A95-643516FFA3C2} = {39EBA80F-6679-4F22-B062-458C9C8822CF}
		{A9ED06A3-7AC3-44B5-9EE9-EA80A96995CD} = {39EBA80F-6679-4F22-B062-458C9C8822CF}
		{92EC8788-5D82-4878-9669-4444B10FAD8C} = {39EBA80F-6679-4F22-B062-458C9C8822CF}
		{61461C97-7987-43E5-997D-82288EDA4F50} = {39EBA80F-6679-4F22-B062-458C9C8822CF}
		{794999CF-7811-4DCF-9C40-AC2F6925B256} = {39EBA80F-6679-4F22-B062-458C9C8822CF}
		{9E801917-AE2C-4D21-99BA-70CDC17F6CD5} = {39EBA80F-6679-4F22-B062-458C9C8822CF}
		{5CCC3A10-6996-4C28-9AA5-9EC1651CA546} = {39EBA80F-6679-4F22-B062-458C9C8822CF}
		{2B1710E5-9570-4B09-A750-02C3AD010AAE} = {E0FC97E0-BDB8-4861-A4E9-C11F1D4C217D}
		{2C0C2818-ADE4-412C-B354-AF22365F996C} = {E0FC97E0-BDB8-4861-A4E9-C11F1D4C217D}
		{57F73DE3-E36D-4D04-9A12-980D92473AA3} = {E0FC97E0-BDB8-4861-A4E9-C11F1D4C217D}
		{566BE2F4-F963-4159-9B8C-36D3D6C6D649} = {E0FC97E0-BDB8-4861-A4E9-C11F1D4C217D}
		{5D34E734-0AB2-4835-88FA-581DA38E37B0} = {E0FC97E0-BDB8-4861-A4E9-C11F1D4C217D}
		{6FF113CA-7267-4A59-8B52-46B5A2257A4A} = {E0FC97E0-BDB8-4861-A4E9-C11F1D4C217D}
	EndGlobalSection
EndGlobal
