
Microsoft Visual Studio Solution File, Format Version 12.00
# Visual Studio Version 17
VisualStudioVersion = 17.0.31903.59
MinimumVisualStudioVersion = 10.0.40219.1
Project("{FAE04EC0-301F-11D3-BF4B-00C04F79EFBC}") = "Bootcamp", "Bootcamp\Bootcamp.csproj", "{03CBDD51-FE84-4272-B9FF-D274DA33D082}"
EndProject
Project("{FAE04EC0-301F-11D3-BF4B-00C04F79EFBC}") = "Day2", "Day2\Day2.csproj", "{8B53F843-2694-4434-9935-30AF73BCA31D}"
EndProject
Project("{FAE04EC0-301F-11D3-BF4B-00C04F79EFBC}") = "Day3", "Day3\Day3.csproj", "{B9AD8025-AFBC-420B-B82D-0253CF77F2C2}"
EndProject
Project("{FAE04EC0-301F-11D3-BF4B-00C04F79EFBC}") = "Day3-ReadOnlyConstDifference", "Day3-ReadOnlyConstDifference\Day3-ReadOnlyConstDifference.csproj", "{F8B9F1D2-7078-4616-9E0B-CFA508677428}"
EndProject
Global
	GlobalSection(SolutionConfigurationPlatforms) = preSolution
		Debug|Any CPU = Debug|Any CPU
		Release|Any CPU = Release|Any CPU
	EndGlobalSection
	GlobalSection(SolutionProperties) = preSolution
		HideSolutionNode = FALSE
	EndGlobalSection
	GlobalSection(ProjectConfigurationPlatforms) = postSolution
		{03CBDD51-FE84-4272-B9FF-D274DA33D082}.Debug|Any CPU.ActiveCfg = Debug|Any CPU
		{03CBDD51-FE84-4272-B9FF-D274DA33D082}.Debug|Any CPU.Build.0 = Debug|Any CPU
		{03CBDD51-FE84-4272-B9FF-D274DA33D082}.Release|Any CPU.ActiveCfg = Release|Any CPU
		{03CBDD51-FE84-4272-B9FF-D274DA33D082}.Release|Any CPU.Build.0 = Release|Any CPU
		{8B53F843-2694-4434-9935-30AF73BCA31D}.Debug|Any CPU.ActiveCfg = Debug|Any CPU
		{8B53F843-2694-4434-9935-30AF73BCA31D}.Debug|Any CPU.Build.0 = Debug|Any CPU
		{8B53F843-2694-4434-9935-30AF73BCA31D}.Release|Any CPU.ActiveCfg = Release|Any CPU
		{8B53F843-2694-4434-9935-30AF73BCA31D}.Release|Any CPU.Build.0 = Release|Any CPU
		{B9AD8025-AFBC-420B-B82D-0253CF77F2C2}.Debug|Any CPU.ActiveCfg = Debug|Any CPU
		{B9AD8025-AFBC-420B-B82D-0253CF77F2C2}.Debug|Any CPU.Build.0 = Debug|Any CPU
		{B9AD8025-AFBC-420B-B82D-0253CF77F2C2}.Release|Any CPU.ActiveCfg = Release|Any CPU
		{B9AD8025-AFBC-420B-B82D-0253CF77F2C2}.Release|Any CPU.Build.0 = Release|Any CPU
		{F8B9F1D2-7078-4616-9E0B-CFA508677428}.Debug|Any CPU.ActiveCfg = Debug|Any CPU
		{F8B9F1D2-7078-4616-9E0B-CFA508677428}.Debug|Any CPU.Build.0 = Debug|Any CPU
		{F8B9F1D2-7078-4616-9E0B-CFA508677428}.Release|Any CPU.ActiveCfg = Release|Any CPU
		{F8B9F1D2-7078-4616-9E0B-CFA508677428}.Release|Any CPU.Build.0 = Release|Any CPU
	EndGlobalSection
EndGlobal
