
Microsoft Visual Studio Solution File, Format Version 12.00
# Visual Studio Version 17
VisualStudioVersion = 17.0.31903.59
MinimumVisualStudioVersion = 10.0.40219.1
Project("{2150E333-8FDC-42A3-9474-1A3956D46DE8}") = "Day4", "Day4", "{FB7214DA-EC11-4C54-AE1D-E193CF8B1ACC}"
EndProject
Project("{FAE04EC0-301F-11D3-BF4B-00C04F79EFBC}") = "Project1", "Day4\Project1\Project1.csproj", "{AEF386CC-62D3-49B9-8DDA-35A85A4E542C}"
EndProject
Project("{FAE04EC0-301F-11D3-BF4B-00C04F79EFBC}") = "Abstraction", "Day4\Abstraction\Abstraction.csproj", "{F7CFEA2F-A768-4A2B-80A5-9E1E13E38F95}"
EndProject
Project("{FAE04EC0-301F-11D3-BF4B-00C04F79EFBC}") = "Interface", "Day4\Interface\Interface.csproj", "{0DC32461-2458-48F8-A9F5-2F2F74EC31CB}"
EndProject
Project("{FAE04EC0-301F-11D3-BF4B-00C04F79EFBC}") = "Assigment", "Day4\Assigment\Assigment.csproj", "{D8E2B097-F1AE-416C-84F6-C996011EEE1A}"
EndProject
Project("{2150E333-8FDC-42A3-9474-1A3956D46DE8}") = "Day5", "Day5", "{39EBA80F-6679-4F22-B062-458C9C8822CF}"
EndProject
Project("{FAE04EC0-301F-11D3-BF4B-00C04F79EFBC}") = "MutableImmutable", "Day5\MutableImmutable\MutableImmutable.csproj", "{B76CE3F7-CCB0-488B-99DE-8D622F06F0F2}"
EndProject
Project("{FAE04EC0-301F-11D3-BF4B-00C04F79EFBC}") = "ReferenceType", "Day5\ReferenceType\ReferenceType.csproj", "{10B9E2DC-98CB-4EB9-BD89-546D818ECB13}"
EndProject
Project("{FAE04EC0-301F-11D3-BF4B-00C04F79EFBC}") = "StackOverflowException", "Day5\StackOverflowException\StackOverflowException.csproj", "{37E7653D-3623-4384-A979-155E5E9E7F77}"
EndProject
Project("{FAE04EC0-301F-11D3-BF4B-00C04F79EFBC}") = "String", "Day5\String\String.csproj", "{14CF614E-7C4B-4611-9A95-643516FFA3C2}"
EndProject
Project("{FAE04EC0-301F-11D3-BF4B-00C04F79EFBC}") = "StringBuilder", "Day5\StringBuilder\StringBuilder.csproj", "{A9ED06A3-7AC3-44B5-9EE9-EA80A96995CD}"
EndProject
Project("{FAE04EC0-301F-11D3-BF4B-00C04F79EFBC}") = "ValueType", "Day5\ValueType\ValueType.csproj", "{92EC8788-5D82-4878-9669-4444B10FAD8C}"
EndProject
Project("{FAE04EC0-301F-11D3-BF4B-00C04F79EFBC}") = "G_UpcastDowncastExplicitImplicit", "Day5\G_UpcastDowncastExplicitImplicit\G_UpcastDowncastExplicitImplicit.csproj", "{61461C97-7987-43E5-997D-82288EDA4F50}"
EndProject
Project("{FAE04EC0-301F-11D3-BF4B-00C04F79EFBC}") = "H_ChildParentChild", "Day5\H_ChildParentChild\H_ChildParentChild.csproj", "{794999CF-7811-4DCF-9C40-AC2F6925B256}"
EndProject
Project("{FAE04EC0-301F-11D3-BF4B-00C04F79EFBC}") = "I_GameController", "Day5\I_GameController\I_GameController.csproj", "{9E801917-AE2C-4D21-99BA-70CDC17F6CD5}"
EndProject
Project("{FAE04EC0-301F-11D3-BF4B-00C04F79EFBC}") = "J_GameController2", "Day5\J_GameController2\J_GameController2.csproj", "{5CCC3A10-6996-4C28-9AA5-9EC1651CA546}"
EndProject
Project("{2150E333-8FDC-42A3-9474-1A3956D46DE8}") = "Day6", "Day6", "{E0FC97E0-BDB8-4861-A4E9-C11F1D4C217D}"
EndProject
Project("{FAE04EC0-301F-11D3-BF4B-00C04F79EFBC}") = "A_Object", "Day6\A_Object\A_Object.csproj", "{2B1710E5-9570-4B09-A750-02C3AD010AAE}"
EndProject
Project("{FAE04EC0-301F-11D3-BF4B-00C04F79EFBC}") = "B_ImplementationOfObject", "Day6\B_ImplementationOfObject\B_ImplementationOfObject.csproj", "{2C0C2818-ADE4-412C-B354-AF22365F996C}"
EndProject
Project("{FAE04EC0-301F-11D3-BF4B-00C04F79EFBC}") = "C_Dynamic", "Day6\C_Dynamic\C_Dynamic.csproj", "{57F73DE3-E36D-4D04-9A12-980D92473AA3}"
EndProject
Project("{FAE04EC0-301F-11D3-BF4B-00C04F79EFBC}") = "D_PatternMatching", "Day6\D_PatternMatching\D_PatternMatching.csproj", "{566BE2F4-F963-4159-9B8C-36D3D6C6D649}"
EndProject
Project("{FAE04EC0-301F-11D3-BF4B-00C04F79EFBC}") = "E_IsAs", "Day6\E_IsAs\E_IsAs.csproj", "{5D34E734-0AB2-4835-88FA-581DA38E37B0}"
EndProject
Project("{FAE04EC0-301F-11D3-BF4B-00C04F79EFBC}") = "F_OverrideToString", "Day6\F_OverrideToString\F_OverrideToString.csproj", "{6FF113CA-7267-4A59-8B52-46B5A2257A4A}"
EndProject
Project("{FAE04EC0-301F-11D3-BF4B-00C04F79EFBC}") = "G_ObjectWeakness", "Day6\G_ObjectWeakness\G_ObjectWeakness.csproj", "{BD995B4F-F11E-4539-9B67-638A8C89F9E4}"
EndProject
Project("{FAE04EC0-301F-11D3-BF4B-00C04F79EFBC}") = "H_ValueType", "Day6\H_ValueType\H_ValueType.csproj", "{E8136272-E346-4264-A0FD-5E22305D8E0F}"
EndProject
Project("{FAE04EC0-301F-11D3-BF4B-00C04F79EFBC}") = "I_ReferenceType", "Day6\I_ReferenceType\I_ReferenceType.csproj", "{D92D4AA4-34DA-453A-A603-28CE63723F4C}"
EndProject
Project("{FAE04EC0-301F-11D3-BF4B-00C04F79EFBC}") = "J_Ref", "Day6\J_Ref\J_Ref.csproj", "{83DB7BF9-6E75-4CE9-8D8E-6E040770CCEC}"
EndProject
Project("{FAE04EC0-301F-11D3-BF4B-00C04F79EFBC}") = "K_Out", "Day6\K_Out\K_Out.csproj", "{80EDEB5E-0A72-417B-88C2-39E808031DA3}"
EndProject
Project("{FAE04EC0-301F-11D3-BF4B-00C04F79EFBC}") = "L_OutTryParse", "Day6\L_OutTryParse\L_OutTryParse.csproj", "{C978D6C3-BAD6-4583-B387-696EA9BF3C7D}"
EndProject
Project("{FAE04EC0-301F-11D3-BF4B-00C04F79EFBC}") = "M_In", "Day6\M_In\M_In.csproj", "{DCDC5491-E772-46B5-B00E-262B003774E9}"
EndProject
Project("{FAE04EC0-301F-11D3-BF4B-00C04F79EFBC}") = "N_InReference", "Day6\N_InReference\N_InReference.csproj", "{150C9504-C12C-42BA-82A4-D3C21BD8E727}"
EndProject
Project("{FAE04EC0-301F-11D3-BF4B-00C04F79EFBC}") = "O_Const", "Day6\O_Const\O_Const.csproj", "{23D7F4B2-7FBA-4C4F-B60B-4094AF1899B3}"
EndProject
Project("{FAE04EC0-301F-11D3-BF4B-00C04F79EFBC}") = "P_Static", "Day6\P_Static\P_Static.csproj", "{098CCE22-7DD2-4A3D-8E5E-BCE33731087A}"
EndProject
Project("{FAE04EC0-301F-11D3-BF4B-00C04F79EFBC}") = "Q_Static2", "Day6\Q_Static2\Q_Static2.csproj", "{6A1748CB-5A61-418F-81AA-D0B9D6CB4E1F}"
EndProject
Project("{FAE04EC0-301F-11D3-BF4B-00C04F79EFBC}") = "R_StaticTrackInstanceCreated", "Day6\R_StaticTrackInstanceCreated\R_StaticTrackInstanceCreated.csproj", "{EB89FCE6-62AF-422D-85CE-7B3342DCCECD}"
EndProject
Project("{FAE04EC0-301F-11D3-BF4B-00C04F79EFBC}") = "S_ExtensionMethod", "Day6\S_ExtensionMethod\S_ExtensionMethod.csproj", "{8CA93E31-352C-4FDC-9F0D-9BEE57911BAD}"
EndProject
Project("{FAE04EC0-301F-11D3-BF4B-00C04F79EFBC}") = "T_ExtensionMethod", "Day6\T_ExtensionMethod\T_ExtensionMethod.csproj", "{71AC7C6B-F5A8-4A14-ADEC-6FCDB50B9ECD}"
EndProject
Project("{FAE04EC0-301F-11D3-BF4B-00C04F79EFBC}") = "U_Property", "Day6\U_Property\U_Property.csproj", "{44BB4801-33AA-4ECA-849D-673B31357E77}"
EndProject
Project("{FAE04EC0-301F-11D3-BF4B-00C04F79EFBC}") = "V_PropertyInInterface", "Day6\V_PropertyInInterface\V_PropertyInInterface.csproj", "{660788B6-2668-42DF-AD12-D86B856F77D6}"
EndProject
Project("{2150E333-8FDC-42A3-9474-1A3956D46DE8}") = "Day7", "Day7", "{6028DC9A-1D9B-426C-8C4B-982DD07F4893}"
EndProject
Project("{FAE04EC0-301F-11D3-BF4B-00C04F79EFBC}") = "D_OperatorOverloading", "Day7\D_OperatorOverloading\D_OperatorOverloading.csproj", "{AD5369A8-AFDC-4697-9556-0672E1158E53}"
EndProject
Project("{FAE04EC0-301F-11D3-BF4B-00C04F79EFBC}") = "C_GenericConstraint", "Day7\C_GenericConstraint\C_GenericConstraint.csproj", "{4BDED667-A3A1-406B-A7C4-7AC80B4BC110}"
EndProject
Project("{FAE04EC0-301F-11D3-BF4B-00C04F79EFBC}") = "B_Generic2", "Day7\B_Generic2\B_Generic2.csproj", "{03C4D8CB-33D6-42D1-99B5-5B160EECE77B}"
EndProject
Project("{FAE04EC0-301F-11D3-BF4B-00C04F79EFBC}") = "A_Generic", "Day7\A_Generic\A_Generic.csproj", "{D86B2707-6C6E-46B2-8E5D-DAD75B90A4D8}"
EndProject
Project("{FAE04EC0-301F-11D3-BF4B-00C04F79EFBC}") = "Bootcamp", "Day1\Bootcamp.csproj", "{BB24C5DD-169E-4A32-9D26-35AE34DB03AF}"
EndProject
Project("{FAE04EC0-301F-11D3-BF4B-00C04F79EFBC}") = "Day2", "Day2\Day2.csproj", "{7ADB1BF8-A699-43A3-8794-AE94CA6566A7}"
EndProject
Project("{2150E333-8FDC-42A3-9474-1A3956D46DE8}") = "Day3", "Day3", "{22F68AEE-0881-4D89-967F-70A6D6D03492}"
EndProject
Project("{FAE04EC0-301F-11D3-BF4B-00C04F79EFBC}") = "Day3", "Day3\Day3-BasicInheritance\Day3.csproj", "{6CB471FA-18A7-4A88-8A2E-0FEB979BD22A}"
EndProject
Project("{FAE04EC0-301F-11D3-BF4B-00C04F79EFBC}") = "Day3-Encapsulation", "Day3\Day3-Encapsulation\Day3-Encapsulation.csproj", "{ECE6B286-3784-441D-A2E6-09F821E6664B}"
EndProject
Project("{FAE04EC0-301F-11D3-BF4B-00C04F79EFBC}") = "Day3-ReadOnlyConstDifference", "Day3\Day3-ReadOnlyConstDifference\Day3-ReadOnlyConstDifference.csproj", "{AE062DD4-EC6C-4C62-BCC1-7551D4EFEC40}"
EndProject
Project("{FAE04EC0-301F-11D3-BF4B-00C04F79EFBC}") = "Dumper", "Dumper\Dumper.csproj", "{05C41C8D-D6EC-4C5B-8958-BA5FE49A5A8D}"
EndProject
Project("{FAE04EC0-301F-11D3-BF4B-00C04F79EFBC}") = "E_SingleDelegate", "Day7\E_SingleDelegate\E_SingleDelegate.csproj", "{021ED5EB-0E67-4600-892E-FA3368916813}"
EndProject
Project("{FAE04EC0-301F-11D3-BF4B-00C04F79EFBC}") = "F_MulticastDelegate", "Day7\F_MulticastDelegate\F_MulticastDelegate.csproj", "{E722859A-4D48-4100-948C-475CFFEBB1C3}"
EndProject
Project("{FAE04EC0-301F-11D3-BF4B-00C04F79EFBC}") = "G_MulticastDelegate", "Day7\G_MulticastDelegate\G_MulticastDelegate.csproj", "{93154121-A368-43D7-A5AE-BD3249F994B6}"
EndProject
Project("{FAE04EC0-301F-11D3-BF4B-00C04F79EFBC}") = "H_MulticastDelegate", "Day7\H_MulticastDelegate\H_MulticastDelegate.csproj", "{05B7767B-069B-45A0-9790-322D706CEC2F}"
EndProject
Project("{FAE04EC0-301F-11D3-BF4B-00C04F79EFBC}") = "I_DelegateWithReturnValue", "Day7\I_DelegateWithReturnValue\I_DelegateWithReturnValue.csproj", "{8984F826-0490-4F28-9B54-0489F3D464AE}"
EndProject
Project("{FAE04EC0-301F-11D3-BF4B-00C04F79EFBC}") = "J_CatchDelegatewithReturn", "Day7\J_CatchDelegatewithReturn\J_CatchDelegatewithReturn.csproj", "{14BF2678-2C33-4227-B579-AC73C11F69ED}"
EndProject
Project("{FAE04EC0-301F-11D3-BF4B-00C04F79EFBC}") = "K_SimplePubSub", "Day7\K_SimplePubSub\K_SimplePubSub.csproj", "{1C53DA27-1AA0-46E7-A1A3-48C509FB3124}"
EndProject
Project("{FAE04EC0-301F-11D3-BF4B-00C04F79EFBC}") = "L_PubSubWithChecker", "Day7\L_PubSubWithChecker\L_PubSubWithChecker.csproj", "{8690AFFD-26D6-4D49-B5E5-EDDE07D3B6A7}"
EndProject
Project("{2150E333-8FDC-42A3-9474-1A3956D46DE8}") = "Day8", "Day8", "{3EC7CEE4-5C00-495D-890B-ACF23898BB4A}"
EndProject
Project("{FAE04EC0-301F-11D3-BF4B-00C04F79EFBC}") = "BetterAvoidTryCatch", "Day8\BetterAvoidTryCatch\BetterAvoidTryCatch.csproj", "{9B5BDB13-9BB7-4528-8C75-4A07B5E07E6E}"
EndProject
Project("{FAE04EC0-301F-11D3-BF4B-00C04F79EFBC}") = "EventArgs", "Day8\EventArgs\EventArgs.csproj", "{03AD5F41-6169-452C-A45C-039D35C9DF69}"
EndProject
Project("{FAE04EC0-301F-11D3-BF4B-00C04F79EFBC}") = "EventHandlerGENERIC", "Day8\EventHandlerGENERIC\EventHandlerGENERIC.csproj", "{00DAF552-7EA7-4132-B1CE-31C15D80F29B}"
EndProject
Project("{FAE04EC0-301F-11D3-BF4B-00C04F79EFBC}") = "Example", "Day8\Example\Example.csproj", "{1BD29E66-EA5D-4EA2-96EE-C2C978C07E6F}"
EndProject
Project("{FAE04EC0-301F-11D3-BF4B-00C04F79EFBC}") = "ExampleException", "Day8\ExampleException\ExampleException.csproj", "{08B9E42E-9350-4FB3-9A84-5C248282ED42}"
EndProject
Project("{FAE04EC0-301F-11D3-BF4B-00C04F79EFBC}") = "ExceptionHandler", "Day8\ExceptionHandler\ExceptionHandler.csproj", "{272DA814-C6C7-45C4-991D-EA7924DD0F76}"
EndProject
Project("{FAE04EC0-301F-11D3-BF4B-00C04F79EFBC}") = "ExceptionHandler2", "Day8\ExceptionHandler2\ExceptionHandler2.csproj", "{BB6E3972-8A04-4D44-8437-291CBCB8680B}"
EndProject
Project("{FAE04EC0-301F-11D3-BF4B-00C04F79EFBC}") = "GameController", "Day8\GameController\GameController.csproj", "{E4E9134D-5729-4F80-8D4D-96ACEF35E56F}"
EndProject
Project("{FAE04EC0-301F-11D3-BF4B-00C04F79EFBC}") = "Tuple", "Day8\Tuple\Tuple.csproj", "{97C29CF8-3821-46C3-93CE-19D1105CAC43}"
EndProject
Project("{2150E333-8FDC-42A3-9474-1A3956D46DE8}") = "Day9", "Day9", "{C7AA7E1B-953F-415A-8966-D9CAEA2989A8}"
EndProject
Project("{FAE04EC0-301F-11D3-BF4B-00C04F79EFBC}") = "List", "Day9\List\List.csproj", "{471B5677-97F3-41D9-8331-BFB8D9518383}"
EndProject
Project("{2150E333-8FDC-42A3-9474-1A3956D46DE8}") = "Day16", "Day16", "{9F7C99D5-C904-40AC-9EDD-AEFFDBBF3674}"
EndProject
Project("{FAE04EC0-301F-11D3-BF4B-00C04F79EFBC}") = "C_FinalizersInheritance", "Day16\C_FinalizersInheritance\C_FinalizersInheritance.csproj", "{6A596924-ECB2-42FC-8AC4-EBB6F286BCD8}"
EndProject
Project("{FAE04EC0-301F-11D3-BF4B-00C04F79EFBC}") = "D_LOH", "Day16\D_LOH\D_LOH.csproj", "{D667DC2E-3FBA-47EA-93CF-5A62D6A353A0}"
EndProject
Project("{FAE04EC0-301F-11D3-BF4B-00C04F79EFBC}") = "E_GenCheckWithoutFinalizers", "Day16\E_GenCheckWithoutFinalizers\E_GenCheckWithoutFinalizers.csproj", "{816E31ED-514D-4CF8-AB77-24CCEA4D590E}"
EndProject
Project("{FAE04EC0-301F-11D3-BF4B-00C04F79EFBC}") = "Eb_GenCheckFinalizers", "Day16\Eb_GenCheckFinalizers\Eb_GenCheckFinalizers.csproj", "{595751DC-3464-410C-B0AB-E89ED85AFF03}"
EndProject
Project("{FAE04EC0-301F-11D3-BF4B-00C04F79EFBC}") = "Ec_GenCheckDispose", "Day16\Ec_GenCheckDispose\Ec_GenCheckDispose.csproj", "{86E29C3A-DB2B-4DE4-89C5-7DC9FA43F91E}"
EndProject
Project("{FAE04EC0-301F-11D3-BF4B-00C04F79EFBC}") = "F_DisposePattern", "Day16\F_DisposePattern\F_DisposePattern.csproj", "{DB2B3F51-AC9F-43BB-BB1E-0C9D2DA9C6AA}"
EndProject
Project("{FAE04EC0-301F-11D3-BF4B-00C04F79EFBC}") = "A_Finalizers", "Day16\Finalizers\A_Finalizers.csproj", "{000A48AC-0DEC-43D7-85BD-0CFB22514D23}"
EndProject
Project("{FAE04EC0-301F-11D3-BF4B-00C04F79EFBC}") = "B_FinalizersQueue", "Day16\FinalizersQueue\B_FinalizersQueue.csproj", "{89B28720-6BE6-4FAD-8897-593B0EF326D0}"
EndProject
Project("{FAE04EC0-301F-11D3-BF4B-00C04F79EFBC}") = "G_IDisposeExample", "Day16\G_IDisposeExample\G_IDisposeExample.csproj", "{866B9317-178B-4A59-841F-94AE4F20DDA7}"
EndProject
Project("{FAE04EC0-301F-11D3-BF4B-00C04F79EFBC}") = "H_ComparisonString", "Day16\H_ComparisonString\H_ComparisonString.csproj", "{F7F0A33C-C918-4BA7-A726-EE38E637739D}"
EndProject
Project("{FAE04EC0-301F-11D3-BF4B-00C04F79EFBC}") = "Hb_ComparisonStringBuilder", "Day16\Hb_ComparisonStringBuilder\Hb_ComparisonStringBuilder.csproj", "{AD17F6E1-5253-44D5-B71A-785DD5C64F60}"
EndProject
Project("{FAE04EC0-301F-11D3-BF4B-00C04F79EFBC}") = "I_SimpleDispose", "Day16\I_SimpleDispose\I_SimpleDispose.csproj", "{5FE52D0F-5274-4FD6-9630-924FF2692D62}"
EndProject
Project("{FAE04EC0-301F-11D3-BF4B-00C04F79EFBC}") = "String", "Day16\String\String.csproj", "{FCDD3702-D9F3-4165-A690-AD350CEFFE69}"
EndProject
Project("{FAE04EC0-301F-11D3-BF4B-00C04F79EFBC}") = "Trial", "Day16\Trial\Trial.csproj", "{CBA6033E-7098-4EF4-8D50-262CE5C94C29}"
EndProject
Global
	GlobalSection(SolutionConfigurationPlatforms) = preSolution
		Debug|Any CPU = Debug|Any CPU
		Release|Any CPU = Release|Any CPU
	EndGlobalSection
	GlobalSection(SolutionProperties) = preSolution
		HideSolutionNode = FALSE
	EndGlobalSection
	GlobalSection(ProjectConfigurationPlatforms) = postSolution
		{AEF386CC-62D3-49B9-8DDA-35A85A4E542C}.Debug|Any CPU.ActiveCfg = Debug|Any CPU
		{AEF386CC-62D3-49B9-8DDA-35A85A4E542C}.Debug|Any CPU.Build.0 = Debug|Any CPU
		{AEF386CC-62D3-49B9-8DDA-35A85A4E542C}.Release|Any CPU.ActiveCfg = Release|Any CPU
		{AEF386CC-62D3-49B9-8DDA-35A85A4E542C}.Release|Any CPU.Build.0 = Release|Any CPU
		{F7CFEA2F-A768-4A2B-80A5-9E1E13E38F95}.Debug|Any CPU.ActiveCfg = Debug|Any CPU
		{F7CFEA2F-A768-4A2B-80A5-9E1E13E38F95}.Debug|Any CPU.Build.0 = Debug|Any CPU
		{F7CFEA2F-A768-4A2B-80A5-9E1E13E38F95}.Release|Any CPU.ActiveCfg = Release|Any CPU
		{F7CFEA2F-A768-4A2B-80A5-9E1E13E38F95}.Release|Any CPU.Build.0 = Release|Any CPU
		{0DC32461-2458-48F8-A9F5-2F2F74EC31CB}.Debug|Any CPU.ActiveCfg = Debug|Any CPU
		{0DC32461-2458-48F8-A9F5-2F2F74EC31CB}.Debug|Any CPU.Build.0 = Debug|Any CPU
		{0DC32461-2458-48F8-A9F5-2F2F74EC31CB}.Release|Any CPU.ActiveCfg = Release|Any CPU
		{0DC32461-2458-48F8-A9F5-2F2F74EC31CB}.Release|Any CPU.Build.0 = Release|Any CPU
		{D8E2B097-F1AE-416C-84F6-C996011EEE1A}.Debug|Any CPU.ActiveCfg = Debug|Any CPU
		{D8E2B097-F1AE-416C-84F6-C996011EEE1A}.Debug|Any CPU.Build.0 = Debug|Any CPU
		{D8E2B097-F1AE-416C-84F6-C996011EEE1A}.Release|Any CPU.ActiveCfg = Release|Any CPU
		{D8E2B097-F1AE-416C-84F6-C996011EEE1A}.Release|Any CPU.Build.0 = Release|Any CPU
		{B76CE3F7-CCB0-488B-99DE-8D622F06F0F2}.Debug|Any CPU.ActiveCfg = Debug|Any CPU
		{B76CE3F7-CCB0-488B-99DE-8D622F06F0F2}.Debug|Any CPU.Build.0 = Debug|Any CPU
		{B76CE3F7-CCB0-488B-99DE-8D622F06F0F2}.Release|Any CPU.ActiveCfg = Release|Any CPU
		{B76CE3F7-CCB0-488B-99DE-8D622F06F0F2}.Release|Any CPU.Build.0 = Release|Any CPU
		{10B9E2DC-98CB-4EB9-BD89-546D818ECB13}.Debug|Any CPU.ActiveCfg = Debug|Any CPU
		{10B9E2DC-98CB-4EB9-BD89-546D818ECB13}.Debug|Any CPU.Build.0 = Debug|Any CPU
		{10B9E2DC-98CB-4EB9-BD89-546D818ECB13}.Release|Any CPU.ActiveCfg = Release|Any CPU
		{10B9E2DC-98CB-4EB9-BD89-546D818ECB13}.Release|Any CPU.Build.0 = Release|Any CPU
		{37E7653D-3623-4384-A979-155E5E9E7F77}.Debug|Any CPU.ActiveCfg = Debug|Any CPU
		{37E7653D-3623-4384-A979-155E5E9E7F77}.Debug|Any CPU.Build.0 = Debug|Any CPU
		{37E7653D-3623-4384-A979-155E5E9E7F77}.Release|Any CPU.ActiveCfg = Release|Any CPU
		{37E7653D-3623-4384-A979-155E5E9E7F77}.Release|Any CPU.Build.0 = Release|Any CPU
		{14CF614E-7C4B-4611-9A95-643516FFA3C2}.Debug|Any CPU.ActiveCfg = Debug|Any CPU
		{14CF614E-7C4B-4611-9A95-643516FFA3C2}.Debug|Any CPU.Build.0 = Debug|Any CPU
		{14CF614E-7C4B-4611-9A95-643516FFA3C2}.Release|Any CPU.ActiveCfg = Release|Any CPU
		{14CF614E-7C4B-4611-9A95-643516FFA3C2}.Release|Any CPU.Build.0 = Release|Any CPU
		{A9ED06A3-7AC3-44B5-9EE9-EA80A96995CD}.Debug|Any CPU.ActiveCfg = Debug|Any CPU
		{A9ED06A3-7AC3-44B5-9EE9-EA80A96995CD}.Debug|Any CPU.Build.0 = Debug|Any CPU
		{A9ED06A3-7AC3-44B5-9EE9-EA80A96995CD}.Release|Any CPU.ActiveCfg = Release|Any CPU
		{A9ED06A3-7AC3-44B5-9EE9-EA80A96995CD}.Release|Any CPU.Build.0 = Release|Any CPU
		{92EC8788-5D82-4878-9669-4444B10FAD8C}.Debug|Any CPU.ActiveCfg = Debug|Any CPU
		{92EC8788-5D82-4878-9669-4444B10FAD8C}.Debug|Any CPU.Build.0 = Debug|Any CPU
		{92EC8788-5D82-4878-9669-4444B10FAD8C}.Release|Any CPU.ActiveCfg = Release|Any CPU
		{92EC8788-5D82-4878-9669-4444B10FAD8C}.Release|Any CPU.Build.0 = Release|Any CPU
		{61461C97-7987-43E5-997D-82288EDA4F50}.Debug|Any CPU.ActiveCfg = Debug|Any CPU
		{61461C97-7987-43E5-997D-82288EDA4F50}.Debug|Any CPU.Build.0 = Debug|Any CPU
		{61461C97-7987-43E5-997D-82288EDA4F50}.Release|Any CPU.ActiveCfg = Release|Any CPU
		{61461C97-7987-43E5-997D-82288EDA4F50}.Release|Any CPU.Build.0 = Release|Any CPU
		{794999CF-7811-4DCF-9C40-AC2F6925B256}.Debug|Any CPU.ActiveCfg = Debug|Any CPU
		{794999CF-7811-4DCF-9C40-AC2F6925B256}.Debug|Any CPU.Build.0 = Debug|Any CPU
		{794999CF-7811-4DCF-9C40-AC2F6925B256}.Release|Any CPU.ActiveCfg = Release|Any CPU
		{794999CF-7811-4DCF-9C40-AC2F6925B256}.Release|Any CPU.Build.0 = Release|Any CPU
		{9E801917-AE2C-4D21-99BA-70CDC17F6CD5}.Debug|Any CPU.ActiveCfg = Debug|Any CPU
		{9E801917-AE2C-4D21-99BA-70CDC17F6CD5}.Debug|Any CPU.Build.0 = Debug|Any CPU
		{9E801917-AE2C-4D21-99BA-70CDC17F6CD5}.Release|Any CPU.ActiveCfg = Release|Any CPU
		{9E801917-AE2C-4D21-99BA-70CDC17F6CD5}.Release|Any CPU.Build.0 = Release|Any CPU
		{5CCC3A10-6996-4C28-9AA5-9EC1651CA546}.Debug|Any CPU.ActiveCfg = Debug|Any CPU
		{5CCC3A10-6996-4C28-9AA5-9EC1651CA546}.Debug|Any CPU.Build.0 = Debug|Any CPU
		{5CCC3A10-6996-4C28-9AA5-9EC1651CA546}.Release|Any CPU.ActiveCfg = Release|Any CPU
		{5CCC3A10-6996-4C28-9AA5-9EC1651CA546}.Release|Any CPU.Build.0 = Release|Any CPU
		{2B1710E5-9570-4B09-A750-02C3AD010AAE}.Debug|Any CPU.ActiveCfg = Debug|Any CPU
		{2B1710E5-9570-4B09-A750-02C3AD010AAE}.Debug|Any CPU.Build.0 = Debug|Any CPU
		{2B1710E5-9570-4B09-A750-02C3AD010AAE}.Release|Any CPU.ActiveCfg = Release|Any CPU
		{2B1710E5-9570-4B09-A750-02C3AD010AAE}.Release|Any CPU.Build.0 = Release|Any CPU
		{2C0C2818-ADE4-412C-B354-AF22365F996C}.Debug|Any CPU.ActiveCfg = Debug|Any CPU
		{2C0C2818-ADE4-412C-B354-AF22365F996C}.Debug|Any CPU.Build.0 = Debug|Any CPU
		{2C0C2818-ADE4-412C-B354-AF22365F996C}.Release|Any CPU.ActiveCfg = Release|Any CPU
		{2C0C2818-ADE4-412C-B354-AF22365F996C}.Release|Any CPU.Build.0 = Release|Any CPU
		{57F73DE3-E36D-4D04-9A12-980D92473AA3}.Debug|Any CPU.ActiveCfg = Debug|Any CPU
		{57F73DE3-E36D-4D04-9A12-980D92473AA3}.Debug|Any CPU.Build.0 = Debug|Any CPU
		{57F73DE3-E36D-4D04-9A12-980D92473AA3}.Release|Any CPU.ActiveCfg = Release|Any CPU
		{57F73DE3-E36D-4D04-9A12-980D92473AA3}.Release|Any CPU.Build.0 = Release|Any CPU
		{566BE2F4-F963-4159-9B8C-36D3D6C6D649}.Debug|Any CPU.ActiveCfg = Debug|Any CPU
		{566BE2F4-F963-4159-9B8C-36D3D6C6D649}.Debug|Any CPU.Build.0 = Debug|Any CPU
		{566BE2F4-F963-4159-9B8C-36D3D6C6D649}.Release|Any CPU.ActiveCfg = Release|Any CPU
		{566BE2F4-F963-4159-9B8C-36D3D6C6D649}.Release|Any CPU.Build.0 = Release|Any CPU
		{5D34E734-0AB2-4835-88FA-581DA38E37B0}.Debug|Any CPU.ActiveCfg = Debug|Any CPU
		{5D34E734-0AB2-4835-88FA-581DA38E37B0}.Debug|Any CPU.Build.0 = Debug|Any CPU
		{5D34E734-0AB2-4835-88FA-581DA38E37B0}.Release|Any CPU.ActiveCfg = Release|Any CPU
		{5D34E734-0AB2-4835-88FA-581DA38E37B0}.Release|Any CPU.Build.0 = Release|Any CPU
		{6FF113CA-7267-4A59-8B52-46B5A2257A4A}.Debug|Any CPU.ActiveCfg = Debug|Any CPU
		{6FF113CA-7267-4A59-8B52-46B5A2257A4A}.Debug|Any CPU.Build.0 = Debug|Any CPU
		{6FF113CA-7267-4A59-8B52-46B5A2257A4A}.Release|Any CPU.ActiveCfg = Release|Any CPU
		{6FF113CA-7267-4A59-8B52-46B5A2257A4A}.Release|Any CPU.Build.0 = Release|Any CPU
		{BD995B4F-F11E-4539-9B67-638A8C89F9E4}.Debug|Any CPU.ActiveCfg = Debug|Any CPU
		{BD995B4F-F11E-4539-9B67-638A8C89F9E4}.Debug|Any CPU.Build.0 = Debug|Any CPU
		{BD995B4F-F11E-4539-9B67-638A8C89F9E4}.Release|Any CPU.ActiveCfg = Release|Any CPU
		{BD995B4F-F11E-4539-9B67-638A8C89F9E4}.Release|Any CPU.Build.0 = Release|Any CPU
		{E8136272-E346-4264-A0FD-5E22305D8E0F}.Debug|Any CPU.ActiveCfg = Debug|Any CPU
		{E8136272-E346-4264-A0FD-5E22305D8E0F}.Debug|Any CPU.Build.0 = Debug|Any CPU
		{E8136272-E346-4264-A0FD-5E22305D8E0F}.Release|Any CPU.ActiveCfg = Release|Any CPU
		{E8136272-E346-4264-A0FD-5E22305D8E0F}.Release|Any CPU.Build.0 = Release|Any CPU
		{D92D4AA4-34DA-453A-A603-28CE63723F4C}.Debug|Any CPU.ActiveCfg = Debug|Any CPU
		{D92D4AA4-34DA-453A-A603-28CE63723F4C}.Debug|Any CPU.Build.0 = Debug|Any CPU
		{D92D4AA4-34DA-453A-A603-28CE63723F4C}.Release|Any CPU.ActiveCfg = Release|Any CPU
		{D92D4AA4-34DA-453A-A603-28CE63723F4C}.Release|Any CPU.Build.0 = Release|Any CPU
		{83DB7BF9-6E75-4CE9-8D8E-6E040770CCEC}.Debug|Any CPU.ActiveCfg = Debug|Any CPU
		{83DB7BF9-6E75-4CE9-8D8E-6E040770CCEC}.Debug|Any CPU.Build.0 = Debug|Any CPU
		{83DB7BF9-6E75-4CE9-8D8E-6E040770CCEC}.Release|Any CPU.ActiveCfg = Release|Any CPU
		{83DB7BF9-6E75-4CE9-8D8E-6E040770CCEC}.Release|Any CPU.Build.0 = Release|Any CPU
		{80EDEB5E-0A72-417B-88C2-39E808031DA3}.Debug|Any CPU.ActiveCfg = Debug|Any CPU
		{80EDEB5E-0A72-417B-88C2-39E808031DA3}.Debug|Any CPU.Build.0 = Debug|Any CPU
		{80EDEB5E-0A72-417B-88C2-39E808031DA3}.Release|Any CPU.ActiveCfg = Release|Any CPU
		{80EDEB5E-0A72-417B-88C2-39E808031DA3}.Release|Any CPU.Build.0 = Release|Any CPU
		{C978D6C3-BAD6-4583-B387-696EA9BF3C7D}.Debug|Any CPU.ActiveCfg = Debug|Any CPU
		{C978D6C3-BAD6-4583-B387-696EA9BF3C7D}.Debug|Any CPU.Build.0 = Debug|Any CPU
		{C978D6C3-BAD6-4583-B387-696EA9BF3C7D}.Release|Any CPU.ActiveCfg = Release|Any CPU
		{C978D6C3-BAD6-4583-B387-696EA9BF3C7D}.Release|Any CPU.Build.0 = Release|Any CPU
		{DCDC5491-E772-46B5-B00E-262B003774E9}.Debug|Any CPU.ActiveCfg = Debug|Any CPU
		{DCDC5491-E772-46B5-B00E-262B003774E9}.Debug|Any CPU.Build.0 = Debug|Any CPU
		{DCDC5491-E772-46B5-B00E-262B003774E9}.Release|Any CPU.ActiveCfg = Release|Any CPU
		{DCDC5491-E772-46B5-B00E-262B003774E9}.Release|Any CPU.Build.0 = Release|Any CPU
		{150C9504-C12C-42BA-82A4-D3C21BD8E727}.Debug|Any CPU.ActiveCfg = Debug|Any CPU
		{150C9504-C12C-42BA-82A4-D3C21BD8E727}.Debug|Any CPU.Build.0 = Debug|Any CPU
		{150C9504-C12C-42BA-82A4-D3C21BD8E727}.Release|Any CPU.ActiveCfg = Release|Any CPU
		{150C9504-C12C-42BA-82A4-D3C21BD8E727}.Release|Any CPU.Build.0 = Release|Any CPU
		{23D7F4B2-7FBA-4C4F-B60B-4094AF1899B3}.Debug|Any CPU.ActiveCfg = Debug|Any CPU
		{23D7F4B2-7FBA-4C4F-B60B-4094AF1899B3}.Debug|Any CPU.Build.0 = Debug|Any CPU
		{23D7F4B2-7FBA-4C4F-B60B-4094AF1899B3}.Release|Any CPU.ActiveCfg = Release|Any CPU
		{23D7F4B2-7FBA-4C4F-B60B-4094AF1899B3}.Release|Any CPU.Build.0 = Release|Any CPU
		{098CCE22-7DD2-4A3D-8E5E-BCE33731087A}.Debug|Any CPU.ActiveCfg = Debug|Any CPU
		{098CCE22-7DD2-4A3D-8E5E-BCE33731087A}.Debug|Any CPU.Build.0 = Debug|Any CPU
		{098CCE22-7DD2-4A3D-8E5E-BCE33731087A}.Release|Any CPU.ActiveCfg = Release|Any CPU
		{098CCE22-7DD2-4A3D-8E5E-BCE33731087A}.Release|Any CPU.Build.0 = Release|Any CPU
		{6A1748CB-5A61-418F-81AA-D0B9D6CB4E1F}.Debug|Any CPU.ActiveCfg = Debug|Any CPU
		{6A1748CB-5A61-418F-81AA-D0B9D6CB4E1F}.Debug|Any CPU.Build.0 = Debug|Any CPU
		{6A1748CB-5A61-418F-81AA-D0B9D6CB4E1F}.Release|Any CPU.ActiveCfg = Release|Any CPU
		{6A1748CB-5A61-418F-81AA-D0B9D6CB4E1F}.Release|Any CPU.Build.0 = Release|Any CPU
		{EB89FCE6-62AF-422D-85CE-7B3342DCCECD}.Debug|Any CPU.ActiveCfg = Debug|Any CPU
		{EB89FCE6-62AF-422D-85CE-7B3342DCCECD}.Debug|Any CPU.Build.0 = Debug|Any CPU
		{EB89FCE6-62AF-422D-85CE-7B3342DCCECD}.Release|Any CPU.ActiveCfg = Release|Any CPU
		{EB89FCE6-62AF-422D-85CE-7B3342DCCECD}.Release|Any CPU.Build.0 = Release|Any CPU
		{8CA93E31-352C-4FDC-9F0D-9BEE57911BAD}.Debug|Any CPU.ActiveCfg = Debug|Any CPU
		{8CA93E31-352C-4FDC-9F0D-9BEE57911BAD}.Debug|Any CPU.Build.0 = Debug|Any CPU
		{8CA93E31-352C-4FDC-9F0D-9BEE57911BAD}.Release|Any CPU.ActiveCfg = Release|Any CPU
		{8CA93E31-352C-4FDC-9F0D-9BEE57911BAD}.Release|Any CPU.Build.0 = Release|Any CPU
		{71AC7C6B-F5A8-4A14-ADEC-6FCDB50B9ECD}.Debug|Any CPU.ActiveCfg = Debug|Any CPU
		{71AC7C6B-F5A8-4A14-ADEC-6FCDB50B9ECD}.Debug|Any CPU.Build.0 = Debug|Any CPU
		{71AC7C6B-F5A8-4A14-ADEC-6FCDB50B9ECD}.Release|Any CPU.ActiveCfg = Release|Any CPU
		{71AC7C6B-F5A8-4A14-ADEC-6FCDB50B9ECD}.Release|Any CPU.Build.0 = Release|Any CPU
		{44BB4801-33AA-4ECA-849D-673B31357E77}.Debug|Any CPU.ActiveCfg = Debug|Any CPU
		{44BB4801-33AA-4ECA-849D-673B31357E77}.Debug|Any CPU.Build.0 = Debug|Any CPU
		{44BB4801-33AA-4ECA-849D-673B31357E77}.Release|Any CPU.ActiveCfg = Release|Any CPU
		{44BB4801-33AA-4ECA-849D-673B31357E77}.Release|Any CPU.Build.0 = Release|Any CPU
		{660788B6-2668-42DF-AD12-D86B856F77D6}.Debug|Any CPU.ActiveCfg = Debug|Any CPU
		{660788B6-2668-42DF-AD12-D86B856F77D6}.Debug|Any CPU.Build.0 = Debug|Any CPU
		{660788B6-2668-42DF-AD12-D86B856F77D6}.Release|Any CPU.ActiveCfg = Release|Any CPU
		{660788B6-2668-42DF-AD12-D86B856F77D6}.Release|Any CPU.Build.0 = Release|Any CPU
		{AD5369A8-AFDC-4697-9556-0672E1158E53}.Debug|Any CPU.ActiveCfg = Debug|Any CPU
		{AD5369A8-AFDC-4697-9556-0672E1158E53}.Debug|Any CPU.Build.0 = Debug|Any CPU
		{AD5369A8-AFDC-4697-9556-0672E1158E53}.Release|Any CPU.ActiveCfg = Release|Any CPU
		{AD5369A8-AFDC-4697-9556-0672E1158E53}.Release|Any CPU.Build.0 = Release|Any CPU
		{4BDED667-A3A1-406B-A7C4-7AC80B4BC110}.Debug|Any CPU.ActiveCfg = Debug|Any CPU
		{4BDED667-A3A1-406B-A7C4-7AC80B4BC110}.Debug|Any CPU.Build.0 = Debug|Any CPU
		{4BDED667-A3A1-406B-A7C4-7AC80B4BC110}.Release|Any CPU.ActiveCfg = Release|Any CPU
		{4BDED667-A3A1-406B-A7C4-7AC80B4BC110}.Release|Any CPU.Build.0 = Release|Any CPU
		{03C4D8CB-33D6-42D1-99B5-5B160EECE77B}.Debug|Any CPU.ActiveCfg = Debug|Any CPU
		{03C4D8CB-33D6-42D1-99B5-5B160EECE77B}.Debug|Any CPU.Build.0 = Debug|Any CPU
		{03C4D8CB-33D6-42D1-99B5-5B160EECE77B}.Release|Any CPU.ActiveCfg = Release|Any CPU
		{03C4D8CB-33D6-42D1-99B5-5B160EECE77B}.Release|Any CPU.Build.0 = Release|Any CPU
		{D86B2707-6C6E-46B2-8E5D-DAD75B90A4D8}.Debug|Any CPU.ActiveCfg = Debug|Any CPU
		{D86B2707-6C6E-46B2-8E5D-DAD75B90A4D8}.Debug|Any CPU.Build.0 = Debug|Any CPU
		{D86B2707-6C6E-46B2-8E5D-DAD75B90A4D8}.Release|Any CPU.ActiveCfg = Release|Any CPU
		{D86B2707-6C6E-46B2-8E5D-DAD75B90A4D8}.Release|Any CPU.Build.0 = Release|Any CPU
		{BB24C5DD-169E-4A32-9D26-35AE34DB03AF}.Debug|Any CPU.ActiveCfg = Debug|Any CPU
		{BB24C5DD-169E-4A32-9D26-35AE34DB03AF}.Debug|Any CPU.Build.0 = Debug|Any CPU
		{BB24C5DD-169E-4A32-9D26-35AE34DB03AF}.Release|Any CPU.ActiveCfg = Release|Any CPU
		{BB24C5DD-169E-4A32-9D26-35AE34DB03AF}.Release|Any CPU.Build.0 = Release|Any CPU
		{7ADB1BF8-A699-43A3-8794-AE94CA6566A7}.Debug|Any CPU.ActiveCfg = Debug|Any CPU
		{7ADB1BF8-A699-43A3-8794-AE94CA6566A7}.Debug|Any CPU.Build.0 = Debug|Any CPU
		{7ADB1BF8-A699-43A3-8794-AE94CA6566A7}.Release|Any CPU.ActiveCfg = Release|Any CPU
		{7ADB1BF8-A699-43A3-8794-AE94CA6566A7}.Release|Any CPU.Build.0 = Release|Any CPU
		{6CB471FA-18A7-4A88-8A2E-0FEB979BD22A}.Debug|Any CPU.ActiveCfg = Debug|Any CPU
		{6CB471FA-18A7-4A88-8A2E-0FEB979BD22A}.Debug|Any CPU.Build.0 = Debug|Any CPU
		{6CB471FA-18A7-4A88-8A2E-0FEB979BD22A}.Release|Any CPU.ActiveCfg = Release|Any CPU
		{6CB471FA-18A7-4A88-8A2E-0FEB979BD22A}.Release|Any CPU.Build.0 = Release|Any CPU
		{ECE6B286-3784-441D-A2E6-09F821E6664B}.Debug|Any CPU.ActiveCfg = Debug|Any CPU
		{ECE6B286-3784-441D-A2E6-09F821E6664B}.Debug|Any CPU.Build.0 = Debug|Any CPU
		{ECE6B286-3784-441D-A2E6-09F821E6664B}.Release|Any CPU.ActiveCfg = Release|Any CPU
		{ECE6B286-3784-441D-A2E6-09F821E6664B}.Release|Any CPU.Build.0 = Release|Any CPU
		{AE062DD4-EC6C-4C62-BCC1-7551D4EFEC40}.Debug|Any CPU.ActiveCfg = Debug|Any CPU
		{AE062DD4-EC6C-4C62-BCC1-7551D4EFEC40}.Debug|Any CPU.Build.0 = Debug|Any CPU
		{AE062DD4-EC6C-4C62-BCC1-7551D4EFEC40}.Release|Any CPU.ActiveCfg = Release|Any CPU
		{AE062DD4-EC6C-4C62-BCC1-7551D4EFEC40}.Release|Any CPU.Build.0 = Release|Any CPU
		{05C41C8D-D6EC-4C5B-8958-BA5FE49A5A8D}.Debug|Any CPU.ActiveCfg = Debug|Any CPU
		{05C41C8D-D6EC-4C5B-8958-BA5FE49A5A8D}.Debug|Any CPU.Build.0 = Debug|Any CPU
		{05C41C8D-D6EC-4C5B-8958-BA5FE49A5A8D}.Release|Any CPU.ActiveCfg = Release|Any CPU
		{05C41C8D-D6EC-4C5B-8958-BA5FE49A5A8D}.Release|Any CPU.Build.0 = Release|Any CPU
		{021ED5EB-0E67-4600-892E-FA3368916813}.Debug|Any CPU.ActiveCfg = Debug|Any CPU
		{021ED5EB-0E67-4600-892E-FA3368916813}.Debug|Any CPU.Build.0 = Debug|Any CPU
		{021ED5EB-0E67-4600-892E-FA3368916813}.Release|Any CPU.ActiveCfg = Release|Any CPU
		{021ED5EB-0E67-4600-892E-FA3368916813}.Release|Any CPU.Build.0 = Release|Any CPU
		{E722859A-4D48-4100-948C-475CFFEBB1C3}.Debug|Any CPU.ActiveCfg = Debug|Any CPU
		{E722859A-4D48-4100-948C-475CFFEBB1C3}.Debug|Any CPU.Build.0 = Debug|Any CPU
		{E722859A-4D48-4100-948C-475CFFEBB1C3}.Release|Any CPU.ActiveCfg = Release|Any CPU
		{E722859A-4D48-4100-948C-475CFFEBB1C3}.Release|Any CPU.Build.0 = Release|Any CPU
		{93154121-A368-43D7-A5AE-BD3249F994B6}.Debug|Any CPU.ActiveCfg = Debug|Any CPU
		{93154121-A368-43D7-A5AE-BD3249F994B6}.Debug|Any CPU.Build.0 = Debug|Any CPU
		{93154121-A368-43D7-A5AE-BD3249F994B6}.Release|Any CPU.ActiveCfg = Release|Any CPU
		{93154121-A368-43D7-A5AE-BD3249F994B6}.Release|Any CPU.Build.0 = Release|Any CPU
		{05B7767B-069B-45A0-9790-322D706CEC2F}.Debug|Any CPU.ActiveCfg = Debug|Any CPU
		{05B7767B-069B-45A0-9790-322D706CEC2F}.Debug|Any CPU.Build.0 = Debug|Any CPU
		{05B7767B-069B-45A0-9790-322D706CEC2F}.Release|Any CPU.ActiveCfg = Release|Any CPU
		{05B7767B-069B-45A0-9790-322D706CEC2F}.Release|Any CPU.Build.0 = Release|Any CPU
		{8984F826-0490-4F28-9B54-0489F3D464AE}.Debug|Any CPU.ActiveCfg = Debug|Any CPU
		{8984F826-0490-4F28-9B54-0489F3D464AE}.Debug|Any CPU.Build.0 = Debug|Any CPU
		{8984F826-0490-4F28-9B54-0489F3D464AE}.Release|Any CPU.ActiveCfg = Release|Any CPU
		{8984F826-0490-4F28-9B54-0489F3D464AE}.Release|Any CPU.Build.0 = Release|Any CPU
		{14BF2678-2C33-4227-B579-AC73C11F69ED}.Debug|Any CPU.ActiveCfg = Debug|Any CPU
		{14BF2678-2C33-4227-B579-AC73C11F69ED}.Debug|Any CPU.Build.0 = Debug|Any CPU
		{14BF2678-2C33-4227-B579-AC73C11F69ED}.Release|Any CPU.ActiveCfg = Release|Any CPU
		{14BF2678-2C33-4227-B579-AC73C11F69ED}.Release|Any CPU.Build.0 = Release|Any CPU
		{1C53DA27-1AA0-46E7-A1A3-48C509FB3124}.Debug|Any CPU.ActiveCfg = Debug|Any CPU
		{1C53DA27-1AA0-46E7-A1A3-48C509FB3124}.Debug|Any CPU.Build.0 = Debug|Any CPU
		{1C53DA27-1AA0-46E7-A1A3-48C509FB3124}.Release|Any CPU.ActiveCfg = Release|Any CPU
		{1C53DA27-1AA0-46E7-A1A3-48C509FB3124}.Release|Any CPU.Build.0 = Release|Any CPU
		{8690AFFD-26D6-4D49-B5E5-EDDE07D3B6A7}.Debug|Any CPU.ActiveCfg = Debug|Any CPU
		{8690AFFD-26D6-4D49-B5E5-EDDE07D3B6A7}.Debug|Any CPU.Build.0 = Debug|Any CPU
		{8690AFFD-26D6-4D49-B5E5-EDDE07D3B6A7}.Release|Any CPU.ActiveCfg = Release|Any CPU
		{8690AFFD-26D6-4D49-B5E5-EDDE07D3B6A7}.Release|Any CPU.Build.0 = Release|Any CPU
		{9B5BDB13-9BB7-4528-8C75-4A07B5E07E6E}.Debug|Any CPU.ActiveCfg = Debug|Any CPU
		{9B5BDB13-9BB7-4528-8C75-4A07B5E07E6E}.Debug|Any CPU.Build.0 = Debug|Any CPU
		{9B5BDB13-9BB7-4528-8C75-4A07B5E07E6E}.Release|Any CPU.ActiveCfg = Release|Any CPU
		{9B5BDB13-9BB7-4528-8C75-4A07B5E07E6E}.Release|Any CPU.Build.0 = Release|Any CPU
		{03AD5F41-6169-452C-A45C-039D35C9DF69}.Debug|Any CPU.ActiveCfg = Debug|Any CPU
		{03AD5F41-6169-452C-A45C-039D35C9DF69}.Debug|Any CPU.Build.0 = Debug|Any CPU
		{03AD5F41-6169-452C-A45C-039D35C9DF69}.Release|Any CPU.ActiveCfg = Release|Any CPU
		{03AD5F41-6169-452C-A45C-039D35C9DF69}.Release|Any CPU.Build.0 = Release|Any CPU
		{00DAF552-7EA7-4132-B1CE-31C15D80F29B}.Debug|Any CPU.ActiveCfg = Debug|Any CPU
		{00DAF552-7EA7-4132-B1CE-31C15D80F29B}.Debug|Any CPU.Build.0 = Debug|Any CPU
		{00DAF552-7EA7-4132-B1CE-31C15D80F29B}.Release|Any CPU.ActiveCfg = Release|Any CPU
		{00DAF552-7EA7-4132-B1CE-31C15D80F29B}.Release|Any CPU.Build.0 = Release|Any CPU
		{1BD29E66-EA5D-4EA2-96EE-C2C978C07E6F}.Debug|Any CPU.ActiveCfg = Debug|Any CPU
		{1BD29E66-EA5D-4EA2-96EE-C2C978C07E6F}.Debug|Any CPU.Build.0 = Debug|Any CPU
		{1BD29E66-EA5D-4EA2-96EE-C2C978C07E6F}.Release|Any CPU.ActiveCfg = Release|Any CPU
		{1BD29E66-EA5D-4EA2-96EE-C2C978C07E6F}.Release|Any CPU.Build.0 = Release|Any CPU
		{08B9E42E-9350-4FB3-9A84-5C248282ED42}.Debug|Any CPU.ActiveCfg = Debug|Any CPU
		{08B9E42E-9350-4FB3-9A84-5C248282ED42}.Debug|Any CPU.Build.0 = Debug|Any CPU
		{08B9E42E-9350-4FB3-9A84-5C248282ED42}.Release|Any CPU.ActiveCfg = Release|Any CPU
		{08B9E42E-9350-4FB3-9A84-5C248282ED42}.Release|Any CPU.Build.0 = Release|Any CPU
		{272DA814-C6C7-45C4-991D-EA7924DD0F76}.Debug|Any CPU.ActiveCfg = Debug|Any CPU
		{272DA814-C6C7-45C4-991D-EA7924DD0F76}.Debug|Any CPU.Build.0 = Debug|Any CPU
		{272DA814-C6C7-45C4-991D-EA7924DD0F76}.Release|Any CPU.ActiveCfg = Release|Any CPU
		{272DA814-C6C7-45C4-991D-EA7924DD0F76}.Release|Any CPU.Build.0 = Release|Any CPU
		{BB6E3972-8A04-4D44-8437-291CBCB8680B}.Debug|Any CPU.ActiveCfg = Debug|Any CPU
		{BB6E3972-8A04-4D44-8437-291CBCB8680B}.Debug|Any CPU.Build.0 = Debug|Any CPU
		{BB6E3972-8A04-4D44-8437-291CBCB8680B}.Release|Any CPU.ActiveCfg = Release|Any CPU
		{BB6E3972-8A04-4D44-8437-291CBCB8680B}.Release|Any CPU.Build.0 = Release|Any CPU
		{E4E9134D-5729-4F80-8D4D-96ACEF35E56F}.Debug|Any CPU.ActiveCfg = Debug|Any CPU
		{E4E9134D-5729-4F80-8D4D-96ACEF35E56F}.Debug|Any CPU.Build.0 = Debug|Any CPU
		{E4E9134D-5729-4F80-8D4D-96ACEF35E56F}.Release|Any CPU.ActiveCfg = Release|Any CPU
		{E4E9134D-5729-4F80-8D4D-96ACEF35E56F}.Release|Any CPU.Build.0 = Release|Any CPU
		{97C29CF8-3821-46C3-93CE-19D1105CAC43}.Debug|Any CPU.ActiveCfg = Debug|Any CPU
		{97C29CF8-3821-46C3-93CE-19D1105CAC43}.Debug|Any CPU.Build.0 = Debug|Any CPU
		{97C29CF8-3821-46C3-93CE-19D1105CAC43}.Release|Any CPU.ActiveCfg = Release|Any CPU
		{97C29CF8-3821-46C3-93CE-19D1105CAC43}.Release|Any CPU.Build.0 = Release|Any CPU
		{471B5677-97F3-41D9-8331-BFB8D9518383}.Debug|Any CPU.ActiveCfg = Debug|Any CPU
		{471B5677-97F3-41D9-8331-BFB8D9518383}.Debug|Any CPU.Build.0 = Debug|Any CPU
		{471B5677-97F3-41D9-8331-BFB8D9518383}.Release|Any CPU.ActiveCfg = Release|Any CPU
		{471B5677-97F3-41D9-8331-BFB8D9518383}.Release|Any CPU.Build.0 = Release|Any CPU
		{6A596924-ECB2-42FC-8AC4-EBB6F286BCD8}.Debug|Any CPU.ActiveCfg = Debug|Any CPU
		{6A596924-ECB2-42FC-8AC4-EBB6F286BCD8}.Debug|Any CPU.Build.0 = Debug|Any CPU
		{6A596924-ECB2-42FC-8AC4-EBB6F286BCD8}.Release|Any CPU.ActiveCfg = Release|Any CPU
		{6A596924-ECB2-42FC-8AC4-EBB6F286BCD8}.Release|Any CPU.Build.0 = Release|Any CPU
		{D667DC2E-3FBA-47EA-93CF-5A62D6A353A0}.Debug|Any CPU.ActiveCfg = Debug|Any CPU
		{D667DC2E-3FBA-47EA-93CF-5A62D6A353A0}.Debug|Any CPU.Build.0 = Debug|Any CPU
		{D667DC2E-3FBA-47EA-93CF-5A62D6A353A0}.Release|Any CPU.ActiveCfg = Release|Any CPU
		{D667DC2E-3FBA-47EA-93CF-5A62D6A353A0}.Release|Any CPU.Build.0 = Release|Any CPU
		{816E31ED-514D-4CF8-AB77-24CCEA4D590E}.Debug|Any CPU.ActiveCfg = Debug|Any CPU
		{816E31ED-514D-4CF8-AB77-24CCEA4D590E}.Debug|Any CPU.Build.0 = Debug|Any CPU
		{816E31ED-514D-4CF8-AB77-24CCEA4D590E}.Release|Any CPU.ActiveCfg = Release|Any CPU
		{816E31ED-514D-4CF8-AB77-24CCEA4D590E}.Release|Any CPU.Build.0 = Release|Any CPU
		{595751DC-3464-410C-B0AB-E89ED85AFF03}.Debug|Any CPU.ActiveCfg = Debug|Any CPU
		{595751DC-3464-410C-B0AB-E89ED85AFF03}.Debug|Any CPU.Build.0 = Debug|Any CPU
		{595751DC-3464-410C-B0AB-E89ED85AFF03}.Release|Any CPU.ActiveCfg = Release|Any CPU
		{595751DC-3464-410C-B0AB-E89ED85AFF03}.Release|Any CPU.Build.0 = Release|Any CPU
		{86E29C3A-DB2B-4DE4-89C5-7DC9FA43F91E}.Debug|Any CPU.ActiveCfg = Debug|Any CPU
		{86E29C3A-DB2B-4DE4-89C5-7DC9FA43F91E}.Debug|Any CPU.Build.0 = Debug|Any CPU
		{86E29C3A-DB2B-4DE4-89C5-7DC9FA43F91E}.Release|Any CPU.ActiveCfg = Release|Any CPU
		{86E29C3A-DB2B-4DE4-89C5-7DC9FA43F91E}.Release|Any CPU.Build.0 = Release|Any CPU
		{DB2B3F51-AC9F-43BB-BB1E-0C9D2DA9C6AA}.Debug|Any CPU.ActiveCfg = Debug|Any CPU
		{DB2B3F51-AC9F-43BB-BB1E-0C9D2DA9C6AA}.Debug|Any CPU.Build.0 = Debug|Any CPU
		{DB2B3F51-AC9F-43BB-BB1E-0C9D2DA9C6AA}.Release|Any CPU.ActiveCfg = Release|Any CPU
		{DB2B3F51-AC9F-43BB-BB1E-0C9D2DA9C6AA}.Release|Any CPU.Build.0 = Release|Any CPU
		{000A48AC-0DEC-43D7-85BD-0CFB22514D23}.Debug|Any CPU.ActiveCfg = Debug|Any CPU
		{000A48AC-0DEC-43D7-85BD-0CFB22514D23}.Debug|Any CPU.Build.0 = Debug|Any CPU
		{000A48AC-0DEC-43D7-85BD-0CFB22514D23}.Release|Any CPU.ActiveCfg = Release|Any CPU
		{000A48AC-0DEC-43D7-85BD-0CFB22514D23}.Release|Any CPU.Build.0 = Release|Any CPU
		{89B28720-6BE6-4FAD-8897-593B0EF326D0}.Debug|Any CPU.ActiveCfg = Debug|Any CPU
		{89B28720-6BE6-4FAD-8897-593B0EF326D0}.Debug|Any CPU.Build.0 = Debug|Any CPU
		{89B28720-6BE6-4FAD-8897-593B0EF326D0}.Release|Any CPU.ActiveCfg = Release|Any CPU
		{89B28720-6BE6-4FAD-8897-593B0EF326D0}.Release|Any CPU.Build.0 = Release|Any CPU
		{866B9317-178B-4A59-841F-94AE4F20DDA7}.Debug|Any CPU.ActiveCfg = Debug|Any CPU
		{866B9317-178B-4A59-841F-94AE4F20DDA7}.Debug|Any CPU.Build.0 = Debug|Any CPU
		{866B9317-178B-4A59-841F-94AE4F20DDA7}.Release|Any CPU.ActiveCfg = Release|Any CPU
		{866B9317-178B-4A59-841F-94AE4F20DDA7}.Release|Any CPU.Build.0 = Release|Any CPU
		{F7F0A33C-C918-4BA7-A726-EE38E637739D}.Debug|Any CPU.ActiveCfg = Debug|Any CPU
		{F7F0A33C-C918-4BA7-A726-EE38E637739D}.Debug|Any CPU.Build.0 = Debug|Any CPU
		{F7F0A33C-C918-4BA7-A726-EE38E637739D}.Release|Any CPU.ActiveCfg = Release|Any CPU
		{F7F0A33C-C918-4BA7-A726-EE38E637739D}.Release|Any CPU.Build.0 = Release|Any CPU
		{AD17F6E1-5253-44D5-B71A-785DD5C64F60}.Debug|Any CPU.ActiveCfg = Debug|Any CPU
		{AD17F6E1-5253-44D5-B71A-785DD5C64F60}.Debug|Any CPU.Build.0 = Debug|Any CPU
		{AD17F6E1-5253-44D5-B71A-785DD5C64F60}.Release|Any CPU.ActiveCfg = Release|Any CPU
		{AD17F6E1-5253-44D5-B71A-785DD5C64F60}.Release|Any CPU.Build.0 = Release|Any CPU
		{5FE52D0F-5274-4FD6-9630-924FF2692D62}.Debug|Any CPU.ActiveCfg = Debug|Any CPU
		{5FE52D0F-5274-4FD6-9630-924FF2692D62}.Debug|Any CPU.Build.0 = Debug|Any CPU
		{5FE52D0F-5274-4FD6-9630-924FF2692D62}.Release|Any CPU.ActiveCfg = Release|Any CPU
		{5FE52D0F-5274-4FD6-9630-924FF2692D62}.Release|Any CPU.Build.0 = Release|Any CPU
		{FCDD3702-D9F3-4165-A690-AD350CEFFE69}.Debug|Any CPU.ActiveCfg = Debug|Any CPU
		{FCDD3702-D9F3-4165-A690-AD350CEFFE69}.Debug|Any CPU.Build.0 = Debug|Any CPU
		{FCDD3702-D9F3-4165-A690-AD350CEFFE69}.Release|Any CPU.ActiveCfg = Release|Any CPU
		{FCDD3702-D9F3-4165-A690-AD350CEFFE69}.Release|Any CPU.Build.0 = Release|Any CPU
		{CBA6033E-7098-4EF4-8D50-262CE5C94C29}.Debug|Any CPU.ActiveCfg = Debug|Any CPU
		{CBA6033E-7098-4EF4-8D50-262CE5C94C29}.Debug|Any CPU.Build.0 = Debug|Any CPU
		{CBA6033E-7098-4EF4-8D50-262CE5C94C29}.Release|Any CPU.ActiveCfg = Release|Any CPU
		{CBA6033E-7098-4EF4-8D50-262CE5C94C29}.Release|Any CPU.Build.0 = Release|Any CPU
	EndGlobalSection
	GlobalSection(NestedProjects) = preSolution
		{AEF386CC-62D3-49B9-8DDA-35A85A4E542C} = {FB7214DA-EC11-4C54-AE1D-E193CF8B1ACC}
		{F7CFEA2F-A768-4A2B-80A5-9E1E13E38F95} = {FB7214DA-EC11-4C54-AE1D-E193CF8B1ACC}
		{0DC32461-2458-48F8-A9F5-2F2F74EC31CB} = {FB7214DA-EC11-4C54-AE1D-E193CF8B1ACC}
		{D8E2B097-F1AE-416C-84F6-C996011EEE1A} = {FB7214DA-EC11-4C54-AE1D-E193CF8B1ACC}
		{B76CE3F7-CCB0-488B-99DE-8D622F06F0F2} = {39EBA80F-6679-4F22-B062-458C9C8822CF}
		{10B9E2DC-98CB-4EB9-BD89-546D818ECB13} = {39EBA80F-6679-4F22-B062-458C9C8822CF}
		{37E7653D-3623-4384-A979-155E5E9E7F77} = {39EBA80F-6679-4F22-B062-458C9C8822CF}
		{14CF614E-7C4B-4611-9A95-643516FFA3C2} = {39EBA80F-6679-4F22-B062-458C9C8822CF}
		{A9ED06A3-7AC3-44B5-9EE9-EA80A96995CD} = {39EBA80F-6679-4F22-B062-458C9C8822CF}
		{92EC8788-5D82-4878-9669-4444B10FAD8C} = {39EBA80F-6679-4F22-B062-458C9C8822CF}
		{61461C97-7987-43E5-997D-82288EDA4F50} = {39EBA80F-6679-4F22-B062-458C9C8822CF}
		{794999CF-7811-4DCF-9C40-AC2F6925B256} = {39EBA80F-6679-4F22-B062-458C9C8822CF}
		{9E801917-AE2C-4D21-99BA-70CDC17F6CD5} = {39EBA80F-6679-4F22-B062-458C9C8822CF}
		{5CCC3A10-6996-4C28-9AA5-9EC1651CA546} = {39EBA80F-6679-4F22-B062-458C9C8822CF}
		{2B1710E5-9570-4B09-A750-02C3AD010AAE} = {E0FC97E0-BDB8-4861-A4E9-C11F1D4C217D}
		{2C0C2818-ADE4-412C-B354-AF22365F996C} = {E0FC97E0-BDB8-4861-A4E9-C11F1D4C217D}
		{57F73DE3-E36D-4D04-9A12-980D92473AA3} = {E0FC97E0-BDB8-4861-A4E9-C11F1D4C217D}
		{566BE2F4-F963-4159-9B8C-36D3D6C6D649} = {E0FC97E0-BDB8-4861-A4E9-C11F1D4C217D}
		{5D34E734-0AB2-4835-88FA-581DA38E37B0} = {E0FC97E0-BDB8-4861-A4E9-C11F1D4C217D}
		{6FF113CA-7267-4A59-8B52-46B5A2257A4A} = {E0FC97E0-BDB8-4861-A4E9-C11F1D4C217D}
		{BD995B4F-F11E-4539-9B67-638A8C89F9E4} = {E0FC97E0-BDB8-4861-A4E9-C11F1D4C217D}
		{E8136272-E346-4264-A0FD-5E22305D8E0F} = {E0FC97E0-BDB8-4861-A4E9-C11F1D4C217D}
		{D92D4AA4-34DA-453A-A603-28CE63723F4C} = {E0FC97E0-BDB8-4861-A4E9-C11F1D4C217D}
		{83DB7BF9-6E75-4CE9-8D8E-6E040770CCEC} = {E0FC97E0-BDB8-4861-A4E9-C11F1D4C217D}
		{80EDEB5E-0A72-417B-88C2-39E808031DA3} = {E0FC97E0-BDB8-4861-A4E9-C11F1D4C217D}
		{C978D6C3-BAD6-4583-B387-696EA9BF3C7D} = {E0FC97E0-BDB8-4861-A4E9-C11F1D4C217D}
		{DCDC5491-E772-46B5-B00E-262B003774E9} = {E0FC97E0-BDB8-4861-A4E9-C11F1D4C217D}
		{150C9504-C12C-42BA-82A4-D3C21BD8E727} = {E0FC97E0-BDB8-4861-A4E9-C11F1D4C217D}
		{23D7F4B2-7FBA-4C4F-B60B-4094AF1899B3} = {E0FC97E0-BDB8-4861-A4E9-C11F1D4C217D}
		{098CCE22-7DD2-4A3D-8E5E-BCE33731087A} = {E0FC97E0-BDB8-4861-A4E9-C11F1D4C217D}
		{6A1748CB-5A61-418F-81AA-D0B9D6CB4E1F} = {E0FC97E0-BDB8-4861-A4E9-C11F1D4C217D}
		{EB89FCE6-62AF-422D-85CE-7B3342DCCECD} = {E0FC97E0-BDB8-4861-A4E9-C11F1D4C217D}
		{8CA93E31-352C-4FDC-9F0D-9BEE57911BAD} = {E0FC97E0-BDB8-4861-A4E9-C11F1D4C217D}
		{71AC7C6B-F5A8-4A14-ADEC-6FCDB50B9ECD} = {E0FC97E0-BDB8-4861-A4E9-C11F1D4C217D}
		{44BB4801-33AA-4ECA-849D-673B31357E77} = {E0FC97E0-BDB8-4861-A4E9-C11F1D4C217D}
		{660788B6-2668-42DF-AD12-D86B856F77D6} = {E0FC97E0-BDB8-4861-A4E9-C11F1D4C217D}
		{AD5369A8-AFDC-4697-9556-0672E1158E53} = {6028DC9A-1D9B-426C-8C4B-982DD07F4893}
		{4BDED667-A3A1-406B-A7C4-7AC80B4BC110} = {6028DC9A-1D9B-426C-8C4B-982DD07F4893}
		{03C4D8CB-33D6-42D1-99B5-5B160EECE77B} = {6028DC9A-1D9B-426C-8C4B-982DD07F4893}
		{D86B2707-6C6E-46B2-8E5D-DAD75B90A4D8} = {6028DC9A-1D9B-426C-8C4B-982DD07F4893}
		{6CB471FA-18A7-4A88-8A2E-0FEB979BD22A} = {22F68AEE-0881-4D89-967F-70A6D6D03492}
		{ECE6B286-3784-441D-A2E6-09F821E6664B} = {22F68AEE-0881-4D89-967F-70A6D6D03492}
		{AE062DD4-EC6C-4C62-BCC1-7551D4EFEC40} = {22F68AEE-0881-4D89-967F-70A6D6D03492}
		{021ED5EB-0E67-4600-892E-FA3368916813} = {6028DC9A-1D9B-426C-8C4B-982DD07F4893}
		{E722859A-4D48-4100-948C-475CFFEBB1C3} = {6028DC9A-1D9B-426C-8C4B-982DD07F4893}
		{93154121-A368-43D7-A5AE-BD3249F994B6} = {6028DC9A-1D9B-426C-8C4B-982DD07F4893}
		{05B7767B-069B-45A0-9790-322D706CEC2F} = {6028DC9A-1D9B-426C-8C4B-982DD07F4893}
		{8984F826-0490-4F28-9B54-0489F3D464AE} = {6028DC9A-1D9B-426C-8C4B-982DD07F4893}
		{14BF2678-2C33-4227-B579-AC73C11F69ED} = {6028DC9A-1D9B-426C-8C4B-982DD07F4893}
		{1C53DA27-1AA0-46E7-A1A3-48C509FB3124} = {6028DC9A-1D9B-426C-8C4B-982DD07F4893}
		{8690AFFD-26D6-4D49-B5E5-EDDE07D3B6A7} = {6028DC9A-1D9B-426C-8C4B-982DD07F4893}
		{9B5BDB13-9BB7-4528-8C75-4A07B5E07E6E} = {3EC7CEE4-5C00-495D-890B-ACF23898BB4A}
		{03AD5F41-6169-452C-A45C-039D35C9DF69} = {3EC7CEE4-5C00-495D-890B-ACF23898BB4A}
		{00DAF552-7EA7-4132-B1CE-31C15D80F29B} = {3EC7CEE4-5C00-495D-890B-ACF23898BB4A}
		{1BD29E66-EA5D-4EA2-96EE-C2C978C07E6F} = {3EC7CEE4-5C00-495D-890B-ACF23898BB4A}
		{08B9E42E-9350-4FB3-9A84-5C248282ED42} = {3EC7CEE4-5C00-495D-890B-ACF23898BB4A}
		{272DA814-C6C7-45C4-991D-EA7924DD0F76} = {3EC7CEE4-5C00-495D-890B-ACF23898BB4A}
		{BB6E3972-8A04-4D44-8437-291CBCB8680B} = {3EC7CEE4-5C00-495D-890B-ACF23898BB4A}
		{E4E9134D-5729-4F80-8D4D-96ACEF35E56F} = {3EC7CEE4-5C00-495D-890B-ACF23898BB4A}
		{97C29CF8-3821-46C3-93CE-19D1105CAC43} = {3EC7CEE4-5C00-495D-890B-ACF23898BB4A}
		{471B5677-97F3-41D9-8331-BFB8D9518383} = {C7AA7E1B-953F-415A-8966-D9CAEA2989A8}
		{6A596924-ECB2-42FC-8AC4-EBB6F286BCD8} = {9F7C99D5-C904-40AC-9EDD-AEFFDBBF3674}
		{D667DC2E-3FBA-47EA-93CF-5A62D6A353A0} = {9F7C99D5-C904-40AC-9EDD-AEFFDBBF3674}
		{816E31ED-514D-4CF8-AB77-24CCEA4D590E} = {9F7C99D5-C904-40AC-9EDD-AEFFDBBF3674}
		{595751DC-3464-410C-B0AB-E89ED85AFF03} = {9F7C99D5-C904-40AC-9EDD-AEFFDBBF3674}
		{86E29C3A-DB2B-4DE4-89C5-7DC9FA43F91E} = {9F7C99D5-C904-40AC-9EDD-AEFFDBBF3674}
		{DB2B3F51-AC9F-43BB-BB1E-0C9D2DA9C6AA} = {9F7C99D5-C904-40AC-9EDD-AEFFDBBF3674}
		{000A48AC-0DEC-43D7-85BD-0CFB22514D23} = {9F7C99D5-C904-40AC-9EDD-AEFFDBBF3674}
		{89B28720-6BE6-4FAD-8897-593B0EF326D0} = {9F7C99D5-C904-40AC-9EDD-AEFFDBBF3674}
		{866B9317-178B-4A59-841F-94AE4F20DDA7} = {9F7C99D5-C904-40AC-9EDD-AEFFDBBF3674}
		{F7F0A33C-C918-4BA7-A726-EE38E637739D} = {9F7C99D5-C904-40AC-9EDD-AEFFDBBF3674}
		{AD17F6E1-5253-44D5-B71A-785DD5C64F60} = {9F7C99D5-C904-40AC-9EDD-AEFFDBBF3674}
		{5FE52D0F-5274-4FD6-9630-924FF2692D62} = {9F7C99D5-C904-40AC-9EDD-AEFFDBBF3674}
		{FCDD3702-D9F3-4165-A690-AD350CEFFE69} = {9F7C99D5-C904-40AC-9EDD-AEFFDBBF3674}
		{CBA6033E-7098-4EF4-8D50-262CE5C94C29} = {9F7C99D5-C904-40AC-9EDD-AEFFDBBF3674}
	EndGlobalSection
EndGlobal
