
Microsoft Visual Studio Solution File, Format Version 12.00
# Visual Studio Version 17
VisualStudioVersion = 17.0.31903.59
MinimumVisualStudioVersion = 10.0.40219.1
Project("{FAE04EC0-301F-11D3-BF4B-00C04F79EFBC}") = "00WithoutCancellationToken", "00WithoutCancellationToken\00WithoutCancellationToken.csproj", "{29664F41-1171-4CC3-8523-EA6CADF613FE}"
EndProject
Project("{FAE04EC0-301F-11D3-BF4B-00C04F79EFBC}") = "00WithCancellationToken", "00WithCancellationToken\00WithCancellationToken.csproj", "{AECAA4D0-0356-4229-B84B-A26F9F0F00C8}"
EndProject
Project("{FAE04EC0-301F-11D3-BF4B-00C04F79EFBC}") = "10DeadLock", "10DeadLock\10DeadLock.csproj", "{36F39200-444D-45B4-89D2-E8CD48990DC5}"
EndProject
Project("{FAE04EC0-301F-11D3-BF4B-00C04F79EFBC}") = "11Deadlock", "11Deadlock\11Deadlock.csproj", "{2A6E3C83-0FFA-4C28-808F-FBA75EEA8A22}"
EndProject
Project("{FAE04EC0-301F-11D3-BF4B-00C04F79EFBC}") = "20RaceCondition", "20RaceCondition\20RaceCondition.csproj", "{F6AB6218-5948-412C-9869-565749CC6A7B}"
EndProject
Project("{FAE04EC0-301F-11D3-BF4B-00C04F79EFBC}") = "21RaceConditionSolve", "21RaceConditionSolve\21RaceConditionSolve.csproj", "{69E33108-6303-4BC3-94ED-9F705FCC10E1}"
EndProject
Project("{FAE04EC0-301F-11D3-BF4B-00C04F79EFBC}") = "22RaceConditionMonitor", "22RaceConditionMonitor\22RaceConditionMonitor.csproj", "{02DA3AE1-D965-45A4-A494-C10B75FFFF0D}"
EndProject
Project("{FAE04EC0-301F-11D3-BF4B-00C04F79EFBC}") = "33_Semaphore", "33_Semaphore\33_Semaphore.csproj", "{9E615173-553F-487F-9B71-B7AF0C5317C3}"
EndProject
Global
	GlobalSection(SolutionConfigurationPlatforms) = preSolution
		Debug|Any CPU = Debug|Any CPU
		Release|Any CPU = Release|Any CPU
	EndGlobalSection
	GlobalSection(SolutionProperties) = preSolution
		HideSolutionNode = FALSE
	EndGlobalSection
	GlobalSection(ProjectConfigurationPlatforms) = postSolution
		{29664F41-1171-4CC3-8523-EA6CADF613FE}.Debug|Any CPU.ActiveCfg = Debug|Any CPU
		{29664F41-1171-4CC3-8523-EA6CADF613FE}.Debug|Any CPU.Build.0 = Debug|Any CPU
		{29664F41-1171-4CC3-8523-EA6CADF613FE}.Release|Any CPU.ActiveCfg = Release|Any CPU
		{29664F41-1171-4CC3-8523-EA6CADF613FE}.Release|Any CPU.Build.0 = Release|Any CPU
		{AECAA4D0-0356-4229-B84B-A26F9F0F00C8}.Debug|Any CPU.ActiveCfg = Debug|Any CPU
		{AECAA4D0-0356-4229-B84B-A26F9F0F00C8}.Debug|Any CPU.Build.0 = Debug|Any CPU
		{AECAA4D0-0356-4229-B84B-A26F9F0F00C8}.Release|Any CPU.ActiveCfg = Release|Any CPU
		{AECAA4D0-0356-4229-B84B-A26F9F0F00C8}.Release|Any CPU.Build.0 = Release|Any CPU
		{36F39200-444D-45B4-89D2-E8CD48990DC5}.Debug|Any CPU.ActiveCfg = Debug|Any CPU
		{36F39200-444D-45B4-89D2-E8CD48990DC5}.Debug|Any CPU.Build.0 = Debug|Any CPU
		{36F39200-444D-45B4-89D2-E8CD48990DC5}.Release|Any CPU.ActiveCfg = Release|Any CPU
		{36F39200-444D-45B4-89D2-E8CD48990DC5}.Release|Any CPU.Build.0 = Release|Any CPU
		{2A6E3C83-0FFA-4C28-808F-FBA75EEA8A22}.Debug|Any CPU.ActiveCfg = Debug|Any CPU
		{2A6E3C83-0FFA-4C28-808F-FBA75EEA8A22}.Debug|Any CPU.Build.0 = Debug|Any CPU
		{2A6E3C83-0FFA-4C28-808F-FBA75EEA8A22}.Release|Any CPU.ActiveCfg = Release|Any CPU
		{2A6E3C83-0FFA-4C28-808F-FBA75EEA8A22}.Release|Any CPU.Build.0 = Release|Any CPU
		{F6AB6218-5948-412C-9869-565749CC6A7B}.Debug|Any CPU.ActiveCfg = Debug|Any CPU
		{F6AB6218-5948-412C-9869-565749CC6A7B}.Debug|Any CPU.Build.0 = Debug|Any CPU
		{F6AB6218-5948-412C-9869-565749CC6A7B}.Release|Any CPU.ActiveCfg = Release|Any CPU
		{F6AB6218-5948-412C-9869-565749CC6A7B}.Release|Any CPU.Build.0 = Release|Any CPU
		{69E33108-6303-4BC3-94ED-9F705FCC10E1}.Debug|Any CPU.ActiveCfg = Debug|Any CPU
		{69E33108-6303-4BC3-94ED-9F705FCC10E1}.Debug|Any CPU.Build.0 = Debug|Any CPU
		{69E33108-6303-4BC3-94ED-9F705FCC10E1}.Release|Any CPU.ActiveCfg = Release|Any CPU
		{69E33108-6303-4BC3-94ED-9F705FCC10E1}.Release|Any CPU.Build.0 = Release|Any CPU
		{02DA3AE1-D965-45A4-A494-C10B75FFFF0D}.Debug|Any CPU.ActiveCfg = Debug|Any CPU
		{02DA3AE1-D965-45A4-A494-C10B75FFFF0D}.Debug|Any CPU.Build.0 = Debug|Any CPU
		{02DA3AE1-D965-45A4-A494-C10B75FFFF0D}.Release|Any CPU.ActiveCfg = Release|Any CPU
		{02DA3AE1-D965-45A4-A494-C10B75FFFF0D}.Release|Any CPU.Build.0 = Release|Any CPU
		{9E615173-553F-487F-9B71-B7AF0C5317C3}.Debug|Any CPU.ActiveCfg = Debug|Any CPU
		{9E615173-553F-487F-9B71-B7AF0C5317C3}.Debug|Any CPU.Build.0 = Debug|Any CPU
		{9E615173-553F-487F-9B71-B7AF0C5317C3}.Release|Any CPU.ActiveCfg = Release|Any CPU
		{9E615173-553F-487F-9B71-B7AF0C5317C3}.Release|Any CPU.Build.0 = Release|Any CPU
	EndGlobalSection
EndGlobal
