
Microsoft Visual Studio Solution File, Format Version 12.00
# Visual Studio Version 17
VisualStudioVersion = 17.0.31903.59
MinimumVisualStudioVersion = 10.0.40219.1
Project("{FAE04EC0-301F-11D3-BF4B-00C04F79EFBC}") = "00_Log4net", "00Log4net\00_Log4net.csproj", "{5AD8E775-1CB9-40CD-B464-9D5771CC6076}"
EndProject
Project("{FAE04EC0-301F-11D3-BF4B-00C04F79EFBC}") = "System.Diagnostics", "System.Diagnostics\System.Diagnostics.csproj", "{145B221A-1B03-4206-911D-79FE343D2497}"
EndProject
Project("{FAE04EC0-301F-11D3-BF4B-00C04F79EFBC}") = "SystemDiagnostics Debug", "SystemDiagnostics Debug\SystemDiagnostics Debug.csproj", "{0B0D7F7E-DF22-441F-9A1C-569AA4DF0A2A}"
EndProject
Project("{FAE04EC0-301F-11D3-BF4B-00C04F79EFBC}") = "RobotArmsNLog", "00NLog\RobotArmsNLog.csproj", "{C17E300C-46D4-4DD2-8063-CA878FF217FF}"
EndProject
Project("{FAE04EC0-301F-11D3-BF4B-00C04F79EFBC}") = "00ConsoleLogger", "00ConsoleLogger\00ConsoleLogger.csproj", "{9BFBED6B-57BF-4657-AF89-D26B13EC2826}"
EndProject
Project("{FAE04EC0-301F-11D3-BF4B-00C04F79EFBC}") = "01ConsoleLogger", "01ConsoleLogger\01ConsoleLogger.csproj", "{4D9D7045-2D8D-4EB6-AFD1-7B83B407D708}"
EndProject
Project("{FAE04EC0-301F-11D3-BF4B-00C04F79EFBC}") = "01_Log4Net LogLevel", "01Log4Net LogLevel\01_Log4Net LogLevel.csproj", "{C02970FC-A263-4D1D-97A4-4671A8AC8338}"
EndProject
Project("{2150E333-8FDC-42A3-9474-1A3956D46DE8}") = "Log4Net..", "Log4Net..", "{962D9A9D-C761-4F58-9F24-376B1CA93E67}"
EndProject
Project("{FAE04EC0-301F-11D3-BF4B-00C04F79EFBC}") = "02_External and Console", "02_External and Console\02_External and Console.csproj", "{28EBC2C2-96C2-4FD1-B19B-C26C700F2733}"
EndProject
Project("{FAE04EC0-301F-11D3-BF4B-00C04F79EFBC}") = "03_DiffLevel_DiffOut", "03_DiffLevel_DiffOut\03_DiffLevel_DiffOut.csproj", "{94A7F230-207C-4D68-9789-EDA22DBD28D2}"
EndProject
Project("{FAE04EC0-301F-11D3-BF4B-00C04F79EFBC}") = "Log4NetRobotArms", "test\Log4NetRobotArms.csproj", "{DD04B399-2203-4A04-975A-442203A50438}"
EndProject
Project("{2150E333-8FDC-42A3-9474-1A3956D46DE8}") = "Built In Library", "Built In Library", "{AA4F146E-3E8D-4890-9F7C-4B425D6B05E5}"
EndProject
Project("{FAE04EC0-301F-11D3-BF4B-00C04F79EFBC}") = "00_NLog", "00_NLog\00_NLog.csproj", "{12AEFF4B-5EF2-4D3D-BDB2-A8803F2E142D}"
EndProject
Project("{2150E333-8FDC-42A3-9474-1A3956D46DE8}") = "NLog", "NLog", "{FB2A1CFA-872F-40DB-A18D-8D10EBC83008}"
EndProject
Project("{FAE04EC0-301F-11D3-BF4B-00C04F79EFBC}") = "01_ImportConfig", "01_ImportConfig\01_ImportConfig.csproj", "{AB8D8058-ECEF-43DD-B4FD-384C9BB44CFE}"
EndProject
Project("{FAE04EC0-301F-11D3-BF4B-00C04F79EFBC}") = "GameController", "GameController\GameController.csproj", "{0F4A020B-6F5C-43AB-BBE0-C3962FA221FD}"
EndProject
Global
	GlobalSection(SolutionProperties) = preSolution
		HideSolutionNode = FALSE
	EndGlobalSection
	GlobalSection(SolutionConfigurationPlatforms) = preSolution
		Debug|Any CPU = Debug|Any CPU
		Debug|x64 = Debug|x64
		Debug|x86 = Debug|x86
		Release|Any CPU = Release|Any CPU
		Release|x64 = Release|x64
		Release|x86 = Release|x86
	EndGlobalSection
	GlobalSection(ProjectConfigurationPlatforms) = postSolution
		{D750BD52-0919-458F-8675-76038BCF3CBB}.Debug|Any CPU.ActiveCfg = Debug|Any CPU
		{D750BD52-0919-458F-8675-76038BCF3CBB}.Debug|Any CPU.Build.0 = Debug|Any CPU
		{D750BD52-0919-458F-8675-76038BCF3CBB}.Debug|x64.ActiveCfg = Debug|Any CPU
		{D750BD52-0919-458F-8675-76038BCF3CBB}.Debug|x64.Build.0 = Debug|Any CPU
		{D750BD52-0919-458F-8675-76038BCF3CBB}.Debug|x86.ActiveCfg = Debug|Any CPU
		{D750BD52-0919-458F-8675-76038BCF3CBB}.Debug|x86.Build.0 = Debug|Any CPU
		{D750BD52-0919-458F-8675-76038BCF3CBB}.Release|Any CPU.ActiveCfg = Release|Any CPU
		{D750BD52-0919-458F-8675-76038BCF3CBB}.Release|Any CPU.Build.0 = Release|Any CPU
		{D750BD52-0919-458F-8675-76038BCF3CBB}.Release|x64.ActiveCfg = Release|Any CPU
		{D750BD52-0919-458F-8675-76038BCF3CBB}.Release|x64.Build.0 = Release|Any CPU
		{D750BD52-0919-458F-8675-76038BCF3CBB}.Release|x86.ActiveCfg = Release|Any CPU
		{D750BD52-0919-458F-8675-76038BCF3CBB}.Release|x86.Build.0 = Release|Any CPU
		{5AD8E775-1CB9-40CD-B464-9D5771CC6076}.Debug|Any CPU.ActiveCfg = Debug|Any CPU
		{5AD8E775-1CB9-40CD-B464-9D5771CC6076}.Debug|Any CPU.Build.0 = Debug|Any CPU
		{5AD8E775-1CB9-40CD-B464-9D5771CC6076}.Debug|x64.ActiveCfg = Debug|Any CPU
		{5AD8E775-1CB9-40CD-B464-9D5771CC6076}.Debug|x64.Build.0 = Debug|Any CPU
		{5AD8E775-1CB9-40CD-B464-9D5771CC6076}.Debug|x86.ActiveCfg = Debug|Any CPU
		{5AD8E775-1CB9-40CD-B464-9D5771CC6076}.Debug|x86.Build.0 = Debug|Any CPU
		{5AD8E775-1CB9-40CD-B464-9D5771CC6076}.Release|Any CPU.ActiveCfg = Release|Any CPU
		{5AD8E775-1CB9-40CD-B464-9D5771CC6076}.Release|Any CPU.Build.0 = Release|Any CPU
		{5AD8E775-1CB9-40CD-B464-9D5771CC6076}.Release|x64.ActiveCfg = Release|Any CPU
		{5AD8E775-1CB9-40CD-B464-9D5771CC6076}.Release|x64.Build.0 = Release|Any CPU
		{5AD8E775-1CB9-40CD-B464-9D5771CC6076}.Release|x86.ActiveCfg = Release|Any CPU
		{5AD8E775-1CB9-40CD-B464-9D5771CC6076}.Release|x86.Build.0 = Release|Any CPU
		{145B221A-1B03-4206-911D-79FE343D2497}.Debug|Any CPU.ActiveCfg = Debug|Any CPU
		{145B221A-1B03-4206-911D-79FE343D2497}.Debug|Any CPU.Build.0 = Debug|Any CPU
		{145B221A-1B03-4206-911D-79FE343D2497}.Debug|x64.ActiveCfg = Debug|Any CPU
		{145B221A-1B03-4206-911D-79FE343D2497}.Debug|x64.Build.0 = Debug|Any CPU
		{145B221A-1B03-4206-911D-79FE343D2497}.Debug|x86.ActiveCfg = Debug|Any CPU
		{145B221A-1B03-4206-911D-79FE343D2497}.Debug|x86.Build.0 = Debug|Any CPU
		{145B221A-1B03-4206-911D-79FE343D2497}.Release|Any CPU.ActiveCfg = Release|Any CPU
		{145B221A-1B03-4206-911D-79FE343D2497}.Release|Any CPU.Build.0 = Release|Any CPU
		{145B221A-1B03-4206-911D-79FE343D2497}.Release|x64.ActiveCfg = Release|Any CPU
		{145B221A-1B03-4206-911D-79FE343D2497}.Release|x64.Build.0 = Release|Any CPU
		{145B221A-1B03-4206-911D-79FE343D2497}.Release|x86.ActiveCfg = Release|Any CPU
		{145B221A-1B03-4206-911D-79FE343D2497}.Release|x86.Build.0 = Release|Any CPU
		{0B0D7F7E-DF22-441F-9A1C-569AA4DF0A2A}.Debug|Any CPU.ActiveCfg = Debug|Any CPU
		{0B0D7F7E-DF22-441F-9A1C-569AA4DF0A2A}.Debug|Any CPU.Build.0 = Debug|Any CPU
		{0B0D7F7E-DF22-441F-9A1C-569AA4DF0A2A}.Debug|x64.ActiveCfg = Debug|Any CPU
		{0B0D7F7E-DF22-441F-9A1C-569AA4DF0A2A}.Debug|x64.Build.0 = Debug|Any CPU
		{0B0D7F7E-DF22-441F-9A1C-569AA4DF0A2A}.Debug|x86.ActiveCfg = Debug|Any CPU
		{0B0D7F7E-DF22-441F-9A1C-569AA4DF0A2A}.Debug|x86.Build.0 = Debug|Any CPU
		{0B0D7F7E-DF22-441F-9A1C-569AA4DF0A2A}.Release|Any CPU.ActiveCfg = Release|Any CPU
		{0B0D7F7E-DF22-441F-9A1C-569AA4DF0A2A}.Release|Any CPU.Build.0 = Release|Any CPU
		{0B0D7F7E-DF22-441F-9A1C-569AA4DF0A2A}.Release|x64.ActiveCfg = Release|Any CPU
		{0B0D7F7E-DF22-441F-9A1C-569AA4DF0A2A}.Release|x64.Build.0 = Release|Any CPU
		{0B0D7F7E-DF22-441F-9A1C-569AA4DF0A2A}.Release|x86.ActiveCfg = Release|Any CPU
		{0B0D7F7E-DF22-441F-9A1C-569AA4DF0A2A}.Release|x86.Build.0 = Release|Any CPU
		{E17C064D-1308-461B-A1E0-B478C34737DE}.Debug|Any CPU.ActiveCfg = Debug|Any CPU
		{E17C064D-1308-461B-A1E0-B478C34737DE}.Debug|Any CPU.Build.0 = Debug|Any CPU
		{E17C064D-1308-461B-A1E0-B478C34737DE}.Debug|x64.ActiveCfg = Debug|Any CPU
		{E17C064D-1308-461B-A1E0-B478C34737DE}.Debug|x64.Build.0 = Debug|Any CPU
		{E17C064D-1308-461B-A1E0-B478C34737DE}.Debug|x86.ActiveCfg = Debug|Any CPU
		{E17C064D-1308-461B-A1E0-B478C34737DE}.Debug|x86.Build.0 = Debug|Any CPU
		{E17C064D-1308-461B-A1E0-B478C34737DE}.Release|Any CPU.ActiveCfg = Release|Any CPU
		{E17C064D-1308-461B-A1E0-B478C34737DE}.Release|Any CPU.Build.0 = Release|Any CPU
		{E17C064D-1308-461B-A1E0-B478C34737DE}.Release|x64.ActiveCfg = Release|Any CPU
		{E17C064D-1308-461B-A1E0-B478C34737DE}.Release|x64.Build.0 = Release|Any CPU
		{E17C064D-1308-461B-A1E0-B478C34737DE}.Release|x86.ActiveCfg = Release|Any CPU
		{E17C064D-1308-461B-A1E0-B478C34737DE}.Release|x86.Build.0 = Release|Any CPU
		{C17E300C-46D4-4DD2-8063-CA878FF217FF}.Debug|Any CPU.ActiveCfg = Debug|Any CPU
		{C17E300C-46D4-4DD2-8063-CA878FF217FF}.Debug|Any CPU.Build.0 = Debug|Any CPU
		{C17E300C-46D4-4DD2-8063-CA878FF217FF}.Debug|x64.ActiveCfg = Debug|Any CPU
		{C17E300C-46D4-4DD2-8063-CA878FF217FF}.Debug|x64.Build.0 = Debug|Any CPU
		{C17E300C-46D4-4DD2-8063-CA878FF217FF}.Debug|x86.ActiveCfg = Debug|Any CPU
		{C17E300C-46D4-4DD2-8063-CA878FF217FF}.Debug|x86.Build.0 = Debug|Any CPU
		{C17E300C-46D4-4DD2-8063-CA878FF217FF}.Release|Any CPU.ActiveCfg = Release|Any CPU
		{C17E300C-46D4-4DD2-8063-CA878FF217FF}.Release|Any CPU.Build.0 = Release|Any CPU
		{C17E300C-46D4-4DD2-8063-CA878FF217FF}.Release|x64.ActiveCfg = Release|Any CPU
		{C17E300C-46D4-4DD2-8063-CA878FF217FF}.Release|x64.Build.0 = Release|Any CPU
		{C17E300C-46D4-4DD2-8063-CA878FF217FF}.Release|x86.ActiveCfg = Release|Any CPU
		{C17E300C-46D4-4DD2-8063-CA878FF217FF}.Release|x86.Build.0 = Release|Any CPU
		{9BFBED6B-57BF-4657-AF89-D26B13EC2826}.Debug|Any CPU.ActiveCfg = Debug|Any CPU
		{9BFBED6B-57BF-4657-AF89-D26B13EC2826}.Debug|Any CPU.Build.0 = Debug|Any CPU
		{9BFBED6B-57BF-4657-AF89-D26B13EC2826}.Debug|x64.ActiveCfg = Debug|Any CPU
		{9BFBED6B-57BF-4657-AF89-D26B13EC2826}.Debug|x64.Build.0 = Debug|Any CPU
		{9BFBED6B-57BF-4657-AF89-D26B13EC2826}.Debug|x86.ActiveCfg = Debug|Any CPU
		{9BFBED6B-57BF-4657-AF89-D26B13EC2826}.Debug|x86.Build.0 = Debug|Any CPU
		{9BFBED6B-57BF-4657-AF89-D26B13EC2826}.Release|Any CPU.ActiveCfg = Release|Any CPU
		{9BFBED6B-57BF-4657-AF89-D26B13EC2826}.Release|Any CPU.Build.0 = Release|Any CPU
		{9BFBED6B-57BF-4657-AF89-D26B13EC2826}.Release|x64.ActiveCfg = Release|Any CPU
		{9BFBED6B-57BF-4657-AF89-D26B13EC2826}.Release|x64.Build.0 = Release|Any CPU
		{9BFBED6B-57BF-4657-AF89-D26B13EC2826}.Release|x86.ActiveCfg = Release|Any CPU
		{9BFBED6B-57BF-4657-AF89-D26B13EC2826}.Release|x86.Build.0 = Release|Any CPU
		{4D9D7045-2D8D-4EB6-AFD1-7B83B407D708}.Debug|Any CPU.ActiveCfg = Debug|Any CPU
		{4D9D7045-2D8D-4EB6-AFD1-7B83B407D708}.Debug|Any CPU.Build.0 = Debug|Any CPU
		{4D9D7045-2D8D-4EB6-AFD1-7B83B407D708}.Debug|x64.ActiveCfg = Debug|Any CPU
		{4D9D7045-2D8D-4EB6-AFD1-7B83B407D708}.Debug|x64.Build.0 = Debug|Any CPU
		{4D9D7045-2D8D-4EB6-AFD1-7B83B407D708}.Debug|x86.ActiveCfg = Debug|Any CPU
		{4D9D7045-2D8D-4EB6-AFD1-7B83B407D708}.Debug|x86.Build.0 = Debug|Any CPU
		{4D9D7045-2D8D-4EB6-AFD1-7B83B407D708}.Release|Any CPU.ActiveCfg = Release|Any CPU
		{4D9D7045-2D8D-4EB6-AFD1-7B83B407D708}.Release|Any CPU.Build.0 = Release|Any CPU
		{4D9D7045-2D8D-4EB6-AFD1-7B83B407D708}.Release|x64.ActiveCfg = Release|Any CPU
		{4D9D7045-2D8D-4EB6-AFD1-7B83B407D708}.Release|x64.Build.0 = Release|Any CPU
		{4D9D7045-2D8D-4EB6-AFD1-7B83B407D708}.Release|x86.ActiveCfg = Release|Any CPU
		{4D9D7045-2D8D-4EB6-AFD1-7B83B407D708}.Release|x86.Build.0 = Release|Any CPU
		{C02970FC-A263-4D1D-97A4-4671A8AC8338}.Debug|Any CPU.ActiveCfg = Debug|Any CPU
		{C02970FC-A263-4D1D-97A4-4671A8AC8338}.Debug|Any CPU.Build.0 = Debug|Any CPU
		{C02970FC-A263-4D1D-97A4-4671A8AC8338}.Debug|x64.ActiveCfg = Debug|Any CPU
		{C02970FC-A263-4D1D-97A4-4671A8AC8338}.Debug|x64.Build.0 = Debug|Any CPU
		{C02970FC-A263-4D1D-97A4-4671A8AC8338}.Debug|x86.ActiveCfg = Debug|Any CPU
		{C02970FC-A263-4D1D-97A4-4671A8AC8338}.Debug|x86.Build.0 = Debug|Any CPU
		{C02970FC-A263-4D1D-97A4-4671A8AC8338}.Release|Any CPU.ActiveCfg = Release|Any CPU
		{C02970FC-A263-4D1D-97A4-4671A8AC8338}.Release|Any CPU.Build.0 = Release|Any CPU
		{C02970FC-A263-4D1D-97A4-4671A8AC8338}.Release|x64.ActiveCfg = Release|Any CPU
		{C02970FC-A263-4D1D-97A4-4671A8AC8338}.Release|x64.Build.0 = Release|Any CPU
		{C02970FC-A263-4D1D-97A4-4671A8AC8338}.Release|x86.ActiveCfg = Release|Any CPU
		{C02970FC-A263-4D1D-97A4-4671A8AC8338}.Release|x86.Build.0 = Release|Any CPU
		{28EBC2C2-96C2-4FD1-B19B-C26C700F2733}.Debug|Any CPU.ActiveCfg = Debug|Any CPU
		{28EBC2C2-96C2-4FD1-B19B-C26C700F2733}.Debug|Any CPU.Build.0 = Debug|Any CPU
		{28EBC2C2-96C2-4FD1-B19B-C26C700F2733}.Debug|x64.ActiveCfg = Debug|Any CPU
		{28EBC2C2-96C2-4FD1-B19B-C26C700F2733}.Debug|x64.Build.0 = Debug|Any CPU
		{28EBC2C2-96C2-4FD1-B19B-C26C700F2733}.Debug|x86.ActiveCfg = Debug|Any CPU
		{28EBC2C2-96C2-4FD1-B19B-C26C700F2733}.Debug|x86.Build.0 = Debug|Any CPU
		{28EBC2C2-96C2-4FD1-B19B-C26C700F2733}.Release|Any CPU.ActiveCfg = Release|Any CPU
		{28EBC2C2-96C2-4FD1-B19B-C26C700F2733}.Release|Any CPU.Build.0 = Release|Any CPU
		{28EBC2C2-96C2-4FD1-B19B-C26C700F2733}.Release|x64.ActiveCfg = Release|Any CPU
		{28EBC2C2-96C2-4FD1-B19B-C26C700F2733}.Release|x64.Build.0 = Release|Any CPU
		{28EBC2C2-96C2-4FD1-B19B-C26C700F2733}.Release|x86.ActiveCfg = Release|Any CPU
		{28EBC2C2-96C2-4FD1-B19B-C26C700F2733}.Release|x86.Build.0 = Release|Any CPU
		{94A7F230-207C-4D68-9789-EDA22DBD28D2}.Debug|Any CPU.ActiveCfg = Debug|Any CPU
		{94A7F230-207C-4D68-9789-EDA22DBD28D2}.Debug|Any CPU.Build.0 = Debug|Any CPU
		{94A7F230-207C-4D68-9789-EDA22DBD28D2}.Debug|x64.ActiveCfg = Debug|Any CPU
		{94A7F230-207C-4D68-9789-EDA22DBD28D2}.Debug|x64.Build.0 = Debug|Any CPU
		{94A7F230-207C-4D68-9789-EDA22DBD28D2}.Debug|x86.ActiveCfg = Debug|Any CPU
		{94A7F230-207C-4D68-9789-EDA22DBD28D2}.Debug|x86.Build.0 = Debug|Any CPU
		{94A7F230-207C-4D68-9789-EDA22DBD28D2}.Release|Any CPU.ActiveCfg = Release|Any CPU
		{94A7F230-207C-4D68-9789-EDA22DBD28D2}.Release|Any CPU.Build.0 = Release|Any CPU
		{94A7F230-207C-4D68-9789-EDA22DBD28D2}.Release|x64.ActiveCfg = Release|Any CPU
		{94A7F230-207C-4D68-9789-EDA22DBD28D2}.Release|x64.Build.0 = Release|Any CPU
		{94A7F230-207C-4D68-9789-EDA22DBD28D2}.Release|x86.ActiveCfg = Release|Any CPU
		{94A7F230-207C-4D68-9789-EDA22DBD28D2}.Release|x86.Build.0 = Release|Any CPU
		{DD04B399-2203-4A04-975A-442203A50438}.Debug|Any CPU.ActiveCfg = Debug|Any CPU
		{DD04B399-2203-4A04-975A-442203A50438}.Debug|Any CPU.Build.0 = Debug|Any CPU
		{DD04B399-2203-4A04-975A-442203A50438}.Debug|x64.ActiveCfg = Debug|Any CPU
		{DD04B399-2203-4A04-975A-442203A50438}.Debug|x64.Build.0 = Debug|Any CPU
		{DD04B399-2203-4A04-975A-442203A50438}.Debug|x86.ActiveCfg = Debug|Any CPU
		{DD04B399-2203-4A04-975A-442203A50438}.Debug|x86.Build.0 = Debug|Any CPU
		{DD04B399-2203-4A04-975A-442203A50438}.Release|Any CPU.ActiveCfg = Release|Any CPU
		{DD04B399-2203-4A04-975A-442203A50438}.Release|Any CPU.Build.0 = Release|Any CPU
		{DD04B399-2203-4A04-975A-442203A50438}.Release|x64.ActiveCfg = Release|Any CPU
		{DD04B399-2203-4A04-975A-442203A50438}.Release|x64.Build.0 = Release|Any CPU
		{DD04B399-2203-4A04-975A-442203A50438}.Release|x86.ActiveCfg = Release|Any CPU
		{DD04B399-2203-4A04-975A-442203A50438}.Release|x86.Build.0 = Release|Any CPU
		{12AEFF4B-5EF2-4D3D-BDB2-A8803F2E142D}.Debug|Any CPU.ActiveCfg = Debug|Any CPU
		{12AEFF4B-5EF2-4D3D-BDB2-A8803F2E142D}.Debug|Any CPU.Build.0 = Debug|Any CPU
		{12AEFF4B-5EF2-4D3D-BDB2-A8803F2E142D}.Debug|x64.ActiveCfg = Debug|Any CPU
		{12AEFF4B-5EF2-4D3D-BDB2-A8803F2E142D}.Debug|x64.Build.0 = Debug|Any CPU
		{12AEFF4B-5EF2-4D3D-BDB2-A8803F2E142D}.Debug|x86.ActiveCfg = Debug|Any CPU
		{12AEFF4B-5EF2-4D3D-BDB2-A8803F2E142D}.Debug|x86.Build.0 = Debug|Any CPU
		{12AEFF4B-5EF2-4D3D-BDB2-A8803F2E142D}.Release|Any CPU.ActiveCfg = Release|Any CPU
		{12AEFF4B-5EF2-4D3D-BDB2-A8803F2E142D}.Release|Any CPU.Build.0 = Release|Any CPU
		{12AEFF4B-5EF2-4D3D-BDB2-A8803F2E142D}.Release|x64.ActiveCfg = Release|Any CPU
		{12AEFF4B-5EF2-4D3D-BDB2-A8803F2E142D}.Release|x64.Build.0 = Release|Any CPU
		{12AEFF4B-5EF2-4D3D-BDB2-A8803F2E142D}.Release|x86.ActiveCfg = Release|Any CPU
		{12AEFF4B-5EF2-4D3D-BDB2-A8803F2E142D}.Release|x86.Build.0 = Release|Any CPU
		{AB8D8058-ECEF-43DD-B4FD-384C9BB44CFE}.Debug|Any CPU.ActiveCfg = Debug|Any CPU
		{AB8D8058-ECEF-43DD-B4FD-384C9BB44CFE}.Debug|Any CPU.Build.0 = Debug|Any CPU
		{AB8D8058-ECEF-43DD-B4FD-384C9BB44CFE}.Debug|x64.ActiveCfg = Debug|Any CPU
		{AB8D8058-ECEF-43DD-B4FD-384C9BB44CFE}.Debug|x64.Build.0 = Debug|Any CPU
		{AB8D8058-ECEF-43DD-B4FD-384C9BB44CFE}.Debug|x86.ActiveCfg = Debug|Any CPU
		{AB8D8058-ECEF-43DD-B4FD-384C9BB44CFE}.Debug|x86.Build.0 = Debug|Any CPU
		{AB8D8058-ECEF-43DD-B4FD-384C9BB44CFE}.Release|Any CPU.ActiveCfg = Release|Any CPU
		{AB8D8058-ECEF-43DD-B4FD-384C9BB44CFE}.Release|Any CPU.Build.0 = Release|Any CPU
		{AB8D8058-ECEF-43DD-B4FD-384C9BB44CFE}.Release|x64.ActiveCfg = Release|Any CPU
		{AB8D8058-ECEF-43DD-B4FD-384C9BB44CFE}.Release|x64.Build.0 = Release|Any CPU
		{AB8D8058-ECEF-43DD-B4FD-384C9BB44CFE}.Release|x86.ActiveCfg = Release|Any CPU
		{AB8D8058-ECEF-43DD-B4FD-384C9BB44CFE}.Release|x86.Build.0 = Release|Any CPU
		{0F4A020B-6F5C-43AB-BBE0-C3962FA221FD}.Debug|Any CPU.ActiveCfg = Debug|Any CPU
		{0F4A020B-6F5C-43AB-BBE0-C3962FA221FD}.Debug|Any CPU.Build.0 = Debug|Any CPU
		{0F4A020B-6F5C-43AB-BBE0-C3962FA221FD}.Debug|x64.ActiveCfg = Debug|Any CPU
		{0F4A020B-6F5C-43AB-BBE0-C3962FA221FD}.Debug|x64.Build.0 = Debug|Any CPU
		{0F4A020B-6F5C-43AB-BBE0-C3962FA221FD}.Debug|x86.ActiveCfg = Debug|Any CPU
		{0F4A020B-6F5C-43AB-BBE0-C3962FA221FD}.Debug|x86.Build.0 = Debug|Any CPU
		{0F4A020B-6F5C-43AB-BBE0-C3962FA221FD}.Release|Any CPU.ActiveCfg = Release|Any CPU
		{0F4A020B-6F5C-43AB-BBE0-C3962FA221FD}.Release|Any CPU.Build.0 = Release|Any CPU
		{0F4A020B-6F5C-43AB-BBE0-C3962FA221FD}.Release|x64.ActiveCfg = Release|Any CPU
		{0F4A020B-6F5C-43AB-BBE0-C3962FA221FD}.Release|x64.Build.0 = Release|Any CPU
		{0F4A020B-6F5C-43AB-BBE0-C3962FA221FD}.Release|x86.ActiveCfg = Release|Any CPU
		{0F4A020B-6F5C-43AB-BBE0-C3962FA221FD}.Release|x86.Build.0 = Release|Any CPU
	EndGlobalSection
	GlobalSection(NestedProjects) = preSolution
		{AB8D8058-ECEF-43DD-B4FD-384C9BB44CFE} = {FB2A1CFA-872F-40DB-A18D-8D10EBC83008}
		{12AEFF4B-5EF2-4D3D-BDB2-A8803F2E142D} = {FB2A1CFA-872F-40DB-A18D-8D10EBC83008}
		{C17E300C-46D4-4DD2-8063-CA878FF217FF} = {FB2A1CFA-872F-40DB-A18D-8D10EBC83008}
		{0B0D7F7E-DF22-441F-9A1C-569AA4DF0A2A} = {AA4F146E-3E8D-4890-9F7C-4B425D6B05E5}
		{145B221A-1B03-4206-911D-79FE343D2497} = {AA4F146E-3E8D-4890-9F7C-4B425D6B05E5}
		{4D9D7045-2D8D-4EB6-AFD1-7B83B407D708} = {AA4F146E-3E8D-4890-9F7C-4B425D6B05E5}
		{9BFBED6B-57BF-4657-AF89-D26B13EC2826} = {AA4F146E-3E8D-4890-9F7C-4B425D6B05E5}
		{DD04B399-2203-4A04-975A-442203A50438} = {962D9A9D-C761-4F58-9F24-376B1CA93E67}
		{94A7F230-207C-4D68-9789-EDA22DBD28D2} = {962D9A9D-C761-4F58-9F24-376B1CA93E67}
		{28EBC2C2-96C2-4FD1-B19B-C26C700F2733} = {962D9A9D-C761-4F58-9F24-376B1CA93E67}
		{C02970FC-A263-4D1D-97A4-4671A8AC8338} = {962D9A9D-C761-4F58-9F24-376B1CA93E67}
		{5AD8E775-1CB9-40CD-B464-9D5771CC6076} = {962D9A9D-C761-4F58-9F24-376B1CA93E67}
	EndGlobalSection
EndGlobal
